// !$*UTF8*$!
{
	archiveVersion = 1;
	classes = {
	};
	objectVersion = 46;
	objects = {

/* Begin PBXBuildFile section */
		2E80ADF31E669A2F0058536F /* main.m in Sources */ = {isa = PBXBuildFile; fileRef = 2E80ADF21E669A2F0058536F /* main.m */; };
		2E80ADF61E669A2F0058536F /* AppDelegate.m in Sources */ = {isa = PBXBuildFile; fileRef = 2E80ADF51E669A2F0058536F /* AppDelegate.m */; };
		2E80ADF91E669A2F0058536F /* ViewController.m in Sources */ = {isa = PBXBuildFile; fileRef = 2E80ADF81E669A2F0058536F /* ViewController.m */; };
		2E80ADFC1E669A2F0058536F /* Main.storyboard in Resources */ = {isa = PBXBuildFile; fileRef = 2E80ADFA1E669A2F0058536F /* Main.storyboard */; };
		2E80ADFE1E669A2F0058536F /* Assets.xcassets in Resources */ = {isa = PBXBuildFile; fileRef = 2E80ADFD1E669A2F0058536F /* Assets.xcassets */; };
		2E80AE011E669A2F0058536F /* LaunchScreen.storyboard in Resources */ = {isa = PBXBuildFile; fileRef = 2E80ADFF1E669A2F0058536F /* LaunchScreen.storyboard */; };
/* End PBXBuildFile section */

/* Begin PBXFileReference section */
		2E80ADEE1E669A2F0058536F /* Practice0301.app */ = {isa = PBXFileReference; explicitFileType = wrapper.application; includeInIndex = 0; path = Practice0301.app; sourceTree = BUILT_PRODUCTS_DIR; };
		2E80ADF21E669A2F0058536F /* main.m */ = {isa = PBXFileReference; lastKnownFileType = sourcecode.c.objc; path = main.m; sourceTree = "<group>"; };
		2E80ADF41E669A2F0058536F /* AppDelegate.h */ = {isa = PBXFileReference; lastKnownFileType = sourcecode.c.h; path = AppDelegate.h; sourceTree = "<group>"; };
		2E80ADF51E669A2F0058536F /* AppDelegate.m */ = {isa = PBXFileReference; lastKnownFileType = sourcecode.c.objc; path = AppDelegate.m; sourceTree = "<group>"; };
		2E80ADF71E669A2F0058536F /* ViewController.h */ = {isa = PBXFileReference; lastKnownFileType = sourcecode.c.h; path = ViewController.h; sourceTree = "<group>"; };
		2E80ADF81E669A2F0058536F /* ViewController.m */ = {isa = PBXFileReference; lastKnownFileType = sourcecode.c.objc; path = ViewController.m; sourceTree = "<group>"; };
		2E80ADFB1E669A2F0058536F /* Base */ = {isa = PBXFileReference; lastKnownFileType = file.storyboard; name = Base; path = Base.lproj/Main.storyboard; sourceTree = "<group>"; };
		2E80ADFD1E669A2F0058536F /* Assets.xcassets */ = {isa = PBXFileReference; lastKnownFileType = folder.assetcatalog; path = Assets.xcassets; sourceTree = "<group>"; };
		2E80AE001E669A2F0058536F /* Base */ = {isa = PBXFileReference; lastKnownFileType = file.storyboard; name = Base; path = Base.lproj/LaunchScreen.storyboard; sourceTree = "<group>"; };
		2E80AE021E669A2F0058536F /* Info.plist */ = {isa = PBXFileReference; lastKnownFileType = text.plist.xml; path = Info.plist; sourceTree = "<group>"; };
/* End PBXFileReference section */

/* Begin PBXFrameworksBuildPhase section */
		2E80ADEB1E669A2E0058536F /* Frameworks */ = {
			isa = PBXFrameworksBuildPhase;
			buildActionMask = 2147483647;
			files = (
			);
			runOnlyForDeploymentPostprocessing = 0;
		};
/* End PBXFrameworksBuildPhase section */

/* Begin PBXGroup section */
		2E80ADE51E669A2E0058536F = {
			isa = PBXGroup;
			children = (
				2E80ADF01E669A2F0058536F /* Practice0301 */,
				2E80ADEF1E669A2F0058536F /* Products */,
			);
			sourceTree = "<group>";
		};
		2E80ADEF1E669A2F0058536F /* Products */ = {
			isa = PBXGroup;
			children = (
				2E80ADEE1E669A2F0058536F /* Practice0301.app */,
			);
			name = Products;
			sourceTree = "<group>";
		};
		2E80ADF01E669A2F0058536F /* Practice0301 */ = {
			isa = PBXGroup;
			children = (
				2E80ADF41E669A2F0058536F /* AppDelegate.h */,
				2E80ADF51E669A2F0058536F /* AppDelegate.m */,
				2E80ADF71E669A2F0058536F /* ViewController.h */,
				2E80ADF81E669A2F0058536F /* ViewController.m */,
				2E80ADFA1E669A2F0058536F /* Main.storyboard */,
				2E80ADFD1E669A2F0058536F /* Assets.xcassets */,
				2E80ADFF1E669A2F0058536F /* LaunchScreen.storyboard */,
				2E80AE021E669A2F0058536F /* Info.plist */,
				2E80ADF11E669A2F0058536F /* Supporting Files */,
			);
			path = Practice0301;
			sourceTree = "<group>";
		};
		2E80ADF11E669A2F0058536F /* Supporting Files */ = {
			isa = PBXGroup;
			children = (
				2E80ADF21E669A2F0058536F /* main.m */,
			);
			name = "Supporting Files";
			sourceTree = "<group>";
		};
/* End PBXGroup section */

/* Begin PBXNativeTarget section */
		2E80ADED1E669A2E0058536F /* Practice0301 */ = {
			isa = PBXNativeTarget;
			buildConfigurationList = 2E80AE051E669A2F0058536F /* Build configuration list for PBXNativeTarget "Practice0301" */;
			buildPhases = (
				2E80ADEA1E669A2E0058536F /* Sources */,
				2E80ADEB1E669A2E0058536F /* Frameworks */,
				2E80ADEC1E669A2E0058536F /* Resources */,
			);
			buildRules = (
			);
			dependencies = (
			);
			name = Practice0301;
			productName = Practice0301;
			productReference = 2E80ADEE1E669A2F0058536F /* Practice0301.app */;
			productType = "com.apple.product-type.application";
		};
/* End PBXNativeTarget section */

/* Begin PBXProject section */
		2E80ADE61E669A2E0058536F /* Project object */ = {
			isa = PBXProject;
			attributes = {
				LastUpgradeCheck = 0820;
				ORGANIZATIONNAME = Parkchanwoong;
				TargetAttributes = {
					2E80ADED1E669A2E0058536F = {
						CreatedOnToolsVersion = 8.2.1;
						ProvisioningStyle = Automatic;
					};
				};
			};
			buildConfigurationList = 2E80ADE91E669A2E0058536F /* Build configuration list for PBXProject "Practice0301" */;
			compatibilityVersion = "Xcode 3.2";
			developmentRegion = English;
			hasScannedForEncodings = 0;
			knownRegions = (
				en,
				Base,
			);
			mainGroup = 2E80ADE51E669A2E0058536F;
			productRefGroup = 2E80ADEF1E669A2F0058536F /* Products */;
			projectDirPath = "";
			projectRoot = "";
			targets = (
				2E80ADED1E669A2E0058536F /* Practice0301 */,
			);
		};
/* End PBXProject section */

/* Begin PBXResourcesBuildPhase section */
		2E80ADEC1E669A2E0058536F /* Resources */ = {
			isa = PBXResourcesBuildPhase;
			buildActionMask = 2147483647;
			files = (
				2E80AE011E669A2F0058536F /* LaunchScreen.storyboard in Resources */,
				2E80ADFE1E669A2F0058536F /* Assets.xcassets in Resources */,
				2E80ADFC1E669A2F0058536F /* Main.storyboard in Resources */,
			);
			runOnlyForDeploymentPostprocessing = 0;
		};
/* End PBXResourcesBuildPhase section */

/* Begin PBXSourcesBuildPhase section */
		2E80ADEA1E669A2E0058536F /* Sources */ = {
			isa = PBXSourcesBuildPhase;
			buildActionMask = 2147483647;
			files = (
				2E80ADF91E669A2F0058536F /* ViewController.m in Sources */,
				2E80ADF61E669A2F0058536F /* AppDelegate.m in Sources */,
				2E80ADF31E669A2F0058536F /* main.m in Sources */,
			);
			runOnlyForDeploymentPostprocessing = 0;
		};
/* End PBXSourcesBuildPhase section */

/* Begin PBXVariantGroup section */
		2E80ADFA1E669A2F0058536F /* Main.storyboard */ = {
			isa = PBXVariantGroup;
			children = (
				2E80ADFB1E669A2F0058536F /* Base */,
			);
			name = Main.storyboard;
			sourceTree = "<group>";
		};
		2E80ADFF1E669A2F0058536F /* LaunchScreen.storyboard */ = {
			isa = PBXVariantGroup;
			children = (
				2E80AE001E669A2F0058536F /* Base */,
			);
			name = LaunchScreen.storyboard;
			sourceTree = "<group>";
		};
/* End PBXVariantGroup section */

/* Begin XCBuildConfiguration section */
		2E80AE031E669A2F0058536F /* Debug */ = {
			isa = XCBuildConfiguration;
			buildSettings = {
				ALWAYS_SEARCH_USER_PATHS = NO;
				CLANG_ANALYZER_NONNULL = YES;
				CLANG_CXX_LANGUAGE_STANDARD = "gnu++0x";
				CLANG_CXX_LIBRARY = "libc++";
				CLANG_ENABLE_MODULES = YES;
				CLANG_ENABLE_OBJC_ARC = YES;
				CLANG_WARN_BOOL_CONVERSION = YES;
				CLANG_WARN_CONSTANT_CONVERSION = YES;
				CLANG_WARN_DIRECT_OBJC_ISA_USAGE = YES_ERROR;
				CLANG_WARN_DOCUMENTATION_COMMENTS = YES;
				CLANG_WARN_EMPTY_BODY = YES;
				CLANG_WARN_ENUM_CONVERSION = YES;
				CLANG_WARN_INFINITE_RECURSION = YES;
				CLANG_WARN_INT_CONVERSION = YES;
				CLANG_WARN_OBJC_ROOT_CLASS = YES_ERROR;
				CLANG_WARN_SUSPICIOUS_MOVE = YES;
				CLANG_WARN_UNREACHABLE_CODE = YES;
				CLANG_WARN__DUPLICATE_METHOD_MATCH = YES;
				"CODE_SIGN_IDENTITY[sdk=iphoneos*]" = "iPhone Developer";
				COPY_PHASE_STRIP = NO;
				DEBUG_INFORMATION_FORMAT = dwarf;
				ENABLE_STRICT_OBJC_MSGSEND = YES;
				ENABLE_TESTABILITY = YES;
				GCC_C_LANGUAGE_STANDARD = gnu99;
				GCC_DYNAMIC_NO_PIC = NO;
				GCC_NO_COMMON_BLOCKS = YES;
				GCC_OPTIMIZATION_LEVEL = 0;
				GCC_PREPROCESSOR_DEFINITIONS = (
					"DEBUG=1",
					"$(inherited)",
				);
				GCC_WARN_64_TO_32_BIT_CONVERSION = YES;
				GCC_WARN_ABOUT_RETURN_TYPE = YES_ERROR;
				GCC_WARN_UNDECLARED_SELECTOR = YES;
				GCC_WARN_UNINITIALIZED_AUTOS = YES_AGGRESSIVE;
				GCC_WARN_UNUSED_FUNCTION = YES;
				GCC_WARN_UNUSED_VARIABLE = YES;
				IPHONEOS_DEPLOYMENT_TARGET = 10.2;
				MTL_ENABLE_DEBUG_INFO = YES;
				ONLY_ACTIVE_ARCH = YES;
				SDKROOT = iphoneos;
			};
			name = Debug;
		};
		2E80AE041E669A2F0058536F /* Release */ = {
			isa = XCBuildConfiguration;
			buildSettings = {
				ALWAYS_SEARCH_USER_PATHS = NO;
				CLANG_ANALYZER_NONNULL = YES;
				CLANG_CXX_LANGUAGE_STANDARD = "gnu++0x";
				CLANG_CXX_LIBRARY = "libc++";
				CLANG_ENABLE_MODULES = YES;
				CLANG_ENABLE_OBJC_ARC = YES;
				CLANG_WARN_BOOL_CONVERSION = YES;
				CLANG_WARN_CONSTANT_CONVERSION = YES;
				CLANG_WARN_DIRECT_OBJC_ISA_USAGE = YES_ERROR;
				CLANG_WARN_DOCUMENTATION_COMMENTS = YES;
				CLANG_WARN_EMPTY_BODY = YES;
				CLANG_WARN_ENUM_CONVERSION = YES;
				CLANG_WARN_INFINITE_RECURSION = YES;
				CLANG_WARN_INT_CONVERSION = YES;
				CLANG_WARN_OBJC_ROOT_CLASS = YES_ERROR;
				CLANG_WARN_SUSPICIOUS_MOVE = YES;
				CLANG_WARN_UNREACHABLE_CODE = YES;
				CLANG_WARN__DUPLICATE_METHOD_MATCH = YES;
				"CODE_SIGN_IDENTITY[sdk=iphoneos*]" = "iPhone Developer";
				COPY_PHASE_STRIP = NO;
				DEBUG_INFORMATION_FORMAT = "dwarf-with-dsym";
				ENABLE_NS_ASSERTIONS = NO;
				ENABLE_STRICT_OBJC_MSGSEND = YES;
				GCC_C_LANGUAGE_STANDARD = gnu99;
				GCC_NO_COMMON_BLOCKS = YES;
				GCC_WARN_64_TO_32_BIT_CONVERSION = YES;
				GCC_WARN_ABOUT_RETURN_TYPE = YES_ERROR;
				GCC_WARN_UNDECLARED_SELECTOR = YES;
				GCC_WARN_UNINITIALIZED_AUTOS = YES_AGGRESSIVE;
				GCC_WARN_UNUSED_FUNCTION = YES;
				GCC_WARN_UNUSED_VARIABLE = YES;
				IPHONEOS_DEPLOYMENT_TARGET = 10.2;
				MTL_ENABLE_DEBUG_INFO = NO;
				SDKROOT = iphoneos;
				VALIDATE_PRODUCT = YES;
			};
			name = Release;
		};
		2E80AE061E669A2F0058536F /* Debug */ = {
			isa = XCBuildConfiguration;
			buildSettings = {
				ASSETCATALOG_COMPILER_APPICON_NAME = AppIcon;
				INFOPLIST_FILE = Practice0301/Info.plist;
				LD_RUNPATH_SEARCH_PATHS = "$(inherited) @executable_path/Frameworks";
				PRODUCT_BUNDLE_IDENTIFIER = chanwoong.Practice0301;
				PRODUCT_NAME = "$(TARGET_NAME)";
			};
			name = Debug;
		};
		2E80AE071E669A2F0058536F /* Release */ = {
			isa = XCBuildConfiguration;
			buildSettings = {
				ASSETCATALOG_COMPILER_APPICON_NAME = AppIcon;
				INFOPLIST_FILE = Practice0301/Info.plist;
				LD_RUNPATH_SEARCH_PATHS = "$(inherited) @executable_path/Frameworks";
				PRODUCT_BUNDLE_IDENTIFIER = chanwoong.Practice0301;
				PRODUCT_NAME = "$(TARGET_NAME)";
			};
			name = Release;
		};
/* End XCBuildConfiguration section */

/* Begin XCConfigurationList section */
		2E80ADE91E669A2E0058536F /* Build configuration list for PBXProject "Practice0301" */ = {
			isa = XCConfigurationList;
			buildConfigurations = (
				2E80AE031E669A2F0058536F /* Debug */,
				2E80AE041E669A2F0058536F /* Release */,
			);
			defaultConfigurationIsVisible = 0;
			defaultConfigurationName = Release;
		};
		2E80AE051E669A2F0058536F /* Build configuration list for PBXNativeTarget "Practice0301" */ = {
			isa = XCConfigurationList;
			buildConfigurations = (
				2E80AE061E669A2F0058536F /* Debug */,
				2E80AE071E669A2F0058536F /* Release */,
			);
			defaultConfigurationIsVisible = 0;
		};
/* End XCConfigurationList section */
	};
	rootObject = 2E80ADE61E669A2E0058536F /* Project object */;
}
