// !$*UTF8*$!
{
	archiveVersion = 1;
	classes = {
	};
	objectVersion = 46;
	objects = {

/* Begin PBXBuildFile section */
		2EF7039B1E477A4C006FDC01 /* main.m in Sources */ = {isa = PBXBuildFile; fileRef = 2EF7039A1E477A4C006FDC01 /* main.m */; };
		2EF7039E1E477A4C006FDC01 /* AppDelegate.m in Sources */ = {isa = PBXBuildFile; fileRef = 2EF7039D1E477A4C006FDC01 /* AppDelegate.m */; };
		2EF703A11E477A4C006FDC01 /* ViewController.m in Sources */ = {isa = PBXBuildFile; fileRef = 2EF703A01E477A4C006FDC01 /* ViewController.m */; };
		2EF703A41E477A4C006FDC01 /* Main.storyboard in Resources */ = {isa = PBXBuildFile; fileRef = 2EF703A21E477A4C006FDC01 /* Main.storyboard */; };
		2EF703A61E477A4C006FDC01 /* Assets.xcassets in Resources */ = {isa = PBXBuildFile; fileRef = 2EF703A51E477A4C006FDC01 /* Assets.xcassets */; };
		2EF703A91E477A4C006FDC01 /* LaunchScreen.storyboard in Resources */ = {isa = PBXBuildFile; fileRef = 2EF703A71E477A4C006FDC01 /* LaunchScreen.storyboard */; };
		2EF703B51E477CA1006FDC01 /* MuziCon.jpg in Resources */ = {isa = PBXBuildFile; fileRef = 2EF703B01E477CA1006FDC01 /* MuziCon.jpg */; };
		2EF703B61E477CA1006FDC01 /* Ryan.png in Resources */ = {isa = PBXBuildFile; fileRef = 2EF703B11E477CA1006FDC01 /* Ryan.png */; };
		2EF703B71E477CA1006FDC01 /* JayG.jpg in Resources */ = {isa = PBXBuildFile; fileRef = 2EF703B21E477CA1006FDC01 /* JayG.jpg */; };
		2EF703B81E477CA1006FDC01 /* Apeach.jpg in Resources */ = {isa = PBXBuildFile; fileRef = 2EF703B31E477CA1006FDC01 /* Apeach.jpg */; };
		2EF703B91E477CA1006FDC01 /* Tube.jpg in Resources */ = {isa = PBXBuildFile; fileRef = 2EF703B41E477CA1006FDC01 /* Tube.jpg */; };
		2EF703BB1E477CBB006FDC01 /* FrodoNeo.jpg in Resources */ = {isa = PBXBuildFile; fileRef = 2EF703BA1E477CBB006FDC01 /* FrodoNeo.jpg */; };
/* End PBXBuildFile section */

/* Begin PBXFileReference section */
		2EF703961E477A4C006FDC01 /* Kakao.app */ = {isa = PBXFileReference; explicitFileType = wrapper.application; includeInIndex = 0; path = Kakao.app; sourceTree = BUILT_PRODUCTS_DIR; };
		2EF7039A1E477A4C006FDC01 /* main.m */ = {isa = PBXFileReference; lastKnownFileType = sourcecode.c.objc; path = main.m; sourceTree = "<group>"; };
		2EF7039C1E477A4C006FDC01 /* AppDelegate.h */ = {isa = PBXFileReference; lastKnownFileType = sourcecode.c.h; path = AppDelegate.h; sourceTree = "<group>"; };
		2EF7039D1E477A4C006FDC01 /* AppDelegate.m */ = {isa = PBXFileReference; lastKnownFileType = sourcecode.c.objc; path = AppDelegate.m; sourceTree = "<group>"; };
		2EF7039F1E477A4C006FDC01 /* ViewController.h */ = {isa = PBXFileReference; lastKnownFileType = sourcecode.c.h; path = ViewController.h; sourceTree = "<group>"; };
		2EF703A01E477A4C006FDC01 /* ViewController.m */ = {isa = PBXFileReference; lastKnownFileType = sourcecode.c.objc; path = ViewController.m; sourceTree = "<group>"; };
		2EF703A31E477A4C006FDC01 /* Base */ = {isa = PBXFileReference; lastKnownFileType = file.storyboard; name = Base; path = Base.lproj/Main.storyboard; sourceTree = "<group>"; };
		2EF703A51E477A4C006FDC01 /* Assets.xcassets */ = {isa = PBXFileReference; lastKnownFileType = folder.assetcatalog; path = Assets.xcassets; sourceTree = "<group>"; };
		2EF703A81E477A4C006FDC01 /* Base */ = {isa = PBXFileReference; lastKnownFileType = file.storyboard; name = Base; path = Base.lproj/LaunchScreen.storyboard; sourceTree = "<group>"; };
		2EF703AA1E477A4C006FDC01 /* Info.plist */ = {isa = PBXFileReference; lastKnownFileType = text.plist.xml; path = Info.plist; sourceTree = "<group>"; };
		2EF703B01E477CA1006FDC01 /* MuziCon.jpg */ = {isa = PBXFileReference; lastKnownFileType = image.jpeg; path = MuziCon.jpg; sourceTree = "<group>"; };
		2EF703B11E477CA1006FDC01 /* Ryan.png */ = {isa = PBXFileReference; lastKnownFileType = image.png; path = Ryan.png; sourceTree = "<group>"; };
		2EF703B21E477CA1006FDC01 /* JayG.jpg */ = {isa = PBXFileReference; lastKnownFileType = image.jpeg; path = JayG.jpg; sourceTree = "<group>"; };
		2EF703B31E477CA1006FDC01 /* Apeach.jpg */ = {isa = PBXFileReference; lastKnownFileType = image.jpeg; path = Apeach.jpg; sourceTree = "<group>"; };
		2EF703B41E477CA1006FDC01 /* Tube.jpg */ = {isa = PBXFileReference; lastKnownFileType = image.jpeg; path = Tube.jpg; sourceTree = "<group>"; };
		2EF703BA1E477CBB006FDC01 /* FrodoNeo.jpg */ = {isa = PBXFileReference; lastKnownFileType = image.jpeg; path = FrodoNeo.jpg; sourceTree = "<group>"; };
/* End PBXFileReference section */

/* Begin PBXFrameworksBuildPhase section */
		2EF703931E477A4C006FDC01 /* Frameworks */ = {
			isa = PBXFrameworksBuildPhase;
			buildActionMask = 2147483647;
			files = (
			);
			runOnlyForDeploymentPostprocessing = 0;
		};
/* End PBXFrameworksBuildPhase section */

/* Begin PBXGroup section */
		2EF7038D1E477A4C006FDC01 = {
			isa = PBXGroup;
			children = (
				2EF703981E477A4C006FDC01 /* Kakao */,
				2EF703971E477A4C006FDC01 /* Products */,
			);
			sourceTree = "<group>";
		};
		2EF703971E477A4C006FDC01 /* Products */ = {
			isa = PBXGroup;
			children = (
				2EF703961E477A4C006FDC01 /* Kakao.app */,
			);
			name = Products;
			sourceTree = "<group>";
		};
		2EF703981E477A4C006FDC01 /* Kakao */ = {
			isa = PBXGroup;
			children = (
				2EF7039C1E477A4C006FDC01 /* AppDelegate.h */,
				2EF7039D1E477A4C006FDC01 /* AppDelegate.m */,
				2EF7039F1E477A4C006FDC01 /* ViewController.h */,
				2EF703A01E477A4C006FDC01 /* ViewController.m */,
				2EF703A21E477A4C006FDC01 /* Main.storyboard */,
				2EF703A51E477A4C006FDC01 /* Assets.xcassets */,
				2EF703A71E477A4C006FDC01 /* LaunchScreen.storyboard */,
				2EF703AA1E477A4C006FDC01 /* Info.plist */,
				2EF703B01E477CA1006FDC01 /* MuziCon.jpg */,
				2EF703B11E477CA1006FDC01 /* Ryan.png */,
				2EF703B21E477CA1006FDC01 /* JayG.jpg */,
				2EF703B31E477CA1006FDC01 /* Apeach.jpg */,
				2EF703B41E477CA1006FDC01 /* Tube.jpg */,
				2EF703BA1E477CBB006FDC01 /* FrodoNeo.jpg */,
				2EF703991E477A4C006FDC01 /* Supporting Files */,
			);
			path = Kakao;
			sourceTree = "<group>";
		};
		2EF703991E477A4C006FDC01 /* Supporting Files */ = {
			isa = PBXGroup;
			children = (
				2EF7039A1E477A4C006FDC01 /* main.m */,
			);
			name = "Supporting Files";
			sourceTree = "<group>";
		};
/* End PBXGroup section */

/* Begin PBXNativeTarget section */
		2EF703951E477A4C006FDC01 /* Kakao */ = {
			isa = PBXNativeTarget;
			buildConfigurationList = 2EF703AD1E477A4C006FDC01 /* Build configuration list for PBXNativeTarget "Kakao" */;
			buildPhases = (
				2EF703921E477A4C006FDC01 /* Sources */,
				2EF703931E477A4C006FDC01 /* Frameworks */,
				2EF703941E477A4C006FDC01 /* Resources */,
			);
			buildRules = (
			);
			dependencies = (
			);
			name = Kakao;
			productName = Kakao;
			productReference = 2EF703961E477A4C006FDC01 /* Kakao.app */;
			productType = "com.apple.product-type.application";
		};
/* End PBXNativeTarget section */

/* Begin PBXProject section */
		2EF7038E1E477A4C006FDC01 /* Project object */ = {
			isa = PBXProject;
			attributes = {
				LastUpgradeCheck = 0820;
				ORGANIZATIONNAME = Parkchanwoong;
				TargetAttributes = {
					2EF703951E477A4C006FDC01 = {
						CreatedOnToolsVersion = 8.2.1;
						ProvisioningStyle = Automatic;
					};
				};
			};
			buildConfigurationList = 2EF703911E477A4C006FDC01 /* Build configuration list for PBXProject "Kakao" */;
			compatibilityVersion = "Xcode 3.2";
			developmentRegion = English;
			hasScannedForEncodings = 0;
			knownRegions = (
				en,
				Base,
			);
			mainGroup = 2EF7038D1E477A4C006FDC01;
			productRefGroup = 2EF703971E477A4C006FDC01 /* Products */;
			projectDirPath = "";
			projectRoot = "";
			targets = (
				2EF703951E477A4C006FDC01 /* Kakao */,
			);
		};
/* End PBXProject section */

/* Begin PBXResourcesBuildPhase section */
		2EF703941E477A4C006FDC01 /* Resources */ = {
			isa = PBXResourcesBuildPhase;
			buildActionMask = 2147483647;
			files = (
				2EF703A91E477A4C006FDC01 /* LaunchScreen.storyboard in Resources */,
				2EF703A61E477A4C006FDC01 /* Assets.xcassets in Resources */,
				2EF703B71E477CA1006FDC01 /* JayG.jpg in Resources */,
				2EF703BB1E477CBB006FDC01 /* FrodoNeo.jpg in Resources */,
				2EF703B61E477CA1006FDC01 /* Ryan.png in Resources */,
				2EF703B81E477CA1006FDC01 /* Apeach.jpg in Resources */,
				2EF703A41E477A4C006FDC01 /* Main.storyboard in Resources */,
				2EF703B51E477CA1006FDC01 /* MuziCon.jpg in Resources */,
				2EF703B91E477CA1006FDC01 /* Tube.jpg in Resources */,
			);
			runOnlyForDeploymentPostprocessing = 0;
		};
/* End PBXResourcesBuildPhase section */

/* Begin PBXSourcesBuildPhase section */
		2EF703921E477A4C006FDC01 /* Sources */ = {
			isa = PBXSourcesBuildPhase;
			buildActionMask = 2147483647;
			files = (
				2EF703A11E477A4C006FDC01 /* ViewController.m in Sources */,
				2EF7039E1E477A4C006FDC01 /* AppDelegate.m in Sources */,
				2EF7039B1E477A4C006FDC01 /* main.m in Sources */,
			);
			runOnlyForDeploymentPostprocessing = 0;
		};
/* End PBXSourcesBuildPhase section */

/* Begin PBXVariantGroup section */
		2EF703A21E477A4C006FDC01 /* Main.storyboard */ = {
			isa = PBXVariantGroup;
			children = (
				2EF703A31E477A4C006FDC01 /* Base */,
			);
			name = Main.storyboard;
			sourceTree = "<group>";
		};
		2EF703A71E477A4C006FDC01 /* LaunchScreen.storyboard */ = {
			isa = PBXVariantGroup;
			children = (
				2EF703A81E477A4C006FDC01 /* Base */,
			);
			name = LaunchScreen.storyboard;
			sourceTree = "<group>";
		};
/* End PBXVariantGroup section */

/* Begin XCBuildConfiguration section */
		2EF703AB1E477A4C006FDC01 /* Debug */ = {
			isa = XCBuildConfiguration;
			buildSettings = {
				ALWAYS_SEARCH_USER_PATHS = NO;
				CLANG_ANALYZER_NONNULL = YES;
				CLANG_CXX_LANGUAGE_STANDARD = "gnu++0x";
				CLANG_CXX_LIBRARY = "libc++";
				CLANG_ENABLE_MODULES = YES;
				CLANG_ENABLE_OBJC_ARC = YES;
				CLANG_WARN_BOOL_CONVERSION = YES;
				CLANG_WARN_CONSTANT_CONVERSION = YES;
				CLANG_WARN_DIRECT_OBJC_ISA_USAGE = YES_ERROR;
				CLANG_WARN_DOCUMENTATION_COMMENTS = YES;
				CLANG_WARN_EMPTY_BODY = YES;
				CLANG_WARN_ENUM_CONVERSION = YES;
				CLANG_WARN_INFINITE_RECURSION = YES;
				CLANG_WARN_INT_CONVERSION = YES;
				CLANG_WARN_OBJC_ROOT_CLASS = YES_ERROR;
				CLANG_WARN_SUSPICIOUS_MOVE = YES;
				CLANG_WARN_UNREACHABLE_CODE = YES;
				CLANG_WARN__DUPLICATE_METHOD_MATCH = YES;
				"CODE_SIGN_IDENTITY[sdk=iphoneos*]" = "iPhone Developer";
				COPY_PHASE_STRIP = NO;
				DEBUG_INFORMATION_FORMAT = dwarf;
				ENABLE_STRICT_OBJC_MSGSEND = YES;
				ENABLE_TESTABILITY = YES;
				GCC_C_LANGUAGE_STANDARD = gnu99;
				GCC_DYNAMIC_NO_PIC = NO;
				GCC_NO_COMMON_BLOCKS = YES;
				GCC_OPTIMIZATION_LEVEL = 0;
				GCC_PREPROCESSOR_DEFINITIONS = (
					"DEBUG=1",
					"$(inherited)",
				);
				GCC_WARN_64_TO_32_BIT_CONVERSION = YES;
				GCC_WARN_ABOUT_RETURN_TYPE = YES_ERROR;
				GCC_WARN_UNDECLARED_SELECTOR = YES;
				GCC_WARN_UNINITIALIZED_AUTOS = YES_AGGRESSIVE;
				GCC_WARN_UNUSED_FUNCTION = YES;
				GCC_WARN_UNUSED_VARIABLE = YES;
				IPHONEOS_DEPLOYMENT_TARGET = 10.2;
				MTL_ENABLE_DEBUG_INFO = YES;
				ONLY_ACTIVE_ARCH = YES;
				SDKROOT = iphoneos;
			};
			name = Debug;
		};
		2EF703AC1E477A4C006FDC01 /* Release */ = {
			isa = XCBuildConfiguration;
			buildSettings = {
				ALWAYS_SEARCH_USER_PATHS = NO;
				CLANG_ANALYZER_NONNULL = YES;
				CLANG_CXX_LANGUAGE_STANDARD = "gnu++0x";
				CLANG_CXX_LIBRARY = "libc++";
				CLANG_ENABLE_MODULES = YES;
				CLANG_ENABLE_OBJC_ARC = YES;
				CLANG_WARN_BOOL_CONVERSION = YES;
				CLANG_WARN_CONSTANT_CONVERSION = YES;
				CLANG_WARN_DIRECT_OBJC_ISA_USAGE = YES_ERROR;
				CLANG_WARN_DOCUMENTATION_COMMENTS = YES;
				CLANG_WARN_EMPTY_BODY = YES;
				CLANG_WARN_ENUM_CONVERSION = YES;
				CLANG_WARN_INFINITE_RECURSION = YES;
				CLANG_WARN_INT_CONVERSION = YES;
				CLANG_WARN_OBJC_ROOT_CLASS = YES_ERROR;
				CLANG_WARN_SUSPICIOUS_MOVE = YES;
				CLANG_WARN_UNREACHABLE_CODE = YES;
				CLANG_WARN__DUPLICATE_METHOD_MATCH = YES;
				"CODE_SIGN_IDENTITY[sdk=iphoneos*]" = "iPhone Developer";
				COPY_PHASE_STRIP = NO;
				DEBUG_INFORMATION_FORMAT = "dwarf-with-dsym";
				ENABLE_NS_ASSERTIONS = NO;
				ENABLE_STRICT_OBJC_MSGSEND = YES;
				GCC_C_LANGUAGE_STANDARD = gnu99;
				GCC_NO_COMMON_BLOCKS = YES;
				GCC_WARN_64_TO_32_BIT_CONVERSION = YES;
				GCC_WARN_ABOUT_RETURN_TYPE = YES_ERROR;
				GCC_WARN_UNDECLARED_SELECTOR = YES;
				GCC_WARN_UNINITIALIZED_AUTOS = YES_AGGRESSIVE;
				GCC_WARN_UNUSED_FUNCTION = YES;
				GCC_WARN_UNUSED_VARIABLE = YES;
				IPHONEOS_DEPLOYMENT_TARGET = 10.2;
				MTL_ENABLE_DEBUG_INFO = NO;
				SDKROOT = iphoneos;
				VALIDATE_PRODUCT = YES;
			};
			name = Release;
		};
		2EF703AE1E477A4C006FDC01 /* Debug */ = {
			isa = XCBuildConfiguration;
			buildSettings = {
				ASSETCATALOG_COMPILER_APPICON_NAME = AppIcon;
				INFOPLIST_FILE = Kakao/Info.plist;
				LD_RUNPATH_SEARCH_PATHS = "$(inherited) @executable_path/Frameworks";
				PRODUCT_BUNDLE_IDENTIFIER = chanwoong.Kakao;
				PRODUCT_NAME = "$(TARGET_NAME)";
			};
			name = Debug;
		};
		2EF703AF1E477A4C006FDC01 /* Release */ = {
			isa = XCBuildConfiguration;
			buildSettings = {
				ASSETCATALOG_COMPILER_APPICON_NAME = AppIcon;
				INFOPLIST_FILE = Kakao/Info.plist;
				LD_RUNPATH_SEARCH_PATHS = "$(inherited) @executable_path/Frameworks";
				PRODUCT_BUNDLE_IDENTIFIER = chanwoong.Kakao;
				PRODUCT_NAME = "$(TARGET_NAME)";
			};
			name = Release;
		};
/* End XCBuildConfiguration section */

/* Begin XCConfigurationList section */
		2EF703911E477A4C006FDC01 /* Build configuration list for PBXProject "Kakao" */ = {
			isa = XCConfigurationList;
			buildConfigurations = (
				2EF703AB1E477A4C006FDC01 /* Debug */,
				2EF703AC1E477A4C006FDC01 /* Release */,
			);
			defaultConfigurationIsVisible = 0;
			defaultConfigurationName = Release;
		};
		2EF703AD1E477A4C006FDC01 /* Build configuration list for PBXNativeTarget "Kakao" */ = {
			isa = XCConfigurationList;
			buildConfigurations = (
				2EF703AE1E477A4C006FDC01 /* Debug */,
				2EF703AF1E477A4C006FDC01 /* Release */,
			);
			defaultConfigurationIsVisible = 0;
		};
/* End XCConfigurationList section */
	};
	rootObject = 2EF7038E1E477A4C006FDC01 /* Project object */;
}
