// !$*UTF8*$!
{
	archiveVersion = 1;
	classes = {
	};
	objectVersion = 46;
	objects = {

/* Begin PBXBuildFile section */
		2E8EBC181E63F198007C3849 /* main.m in Sources */ = {isa = PBXBuildFile; fileRef = 2E8EBC171E63F198007C3849 /* main.m */; };
		2E8EBC1B1E63F198007C3849 /* AppDelegate.m in Sources */ = {isa = PBXBuildFile; fileRef = 2E8EBC1A1E63F198007C3849 /* AppDelegate.m */; };
		2E8EBC1E1E63F198007C3849 /* ViewController.m in Sources */ = {isa = PBXBuildFile; fileRef = 2E8EBC1D1E63F198007C3849 /* ViewController.m */; };
		2E8EBC211E63F198007C3849 /* Main.storyboard in Resources */ = {isa = PBXBuildFile; fileRef = 2E8EBC1F1E63F198007C3849 /* Main.storyboard */; };
		2E8EBC231E63F198007C3849 /* Assets.xcassets in Resources */ = {isa = PBXBuildFile; fileRef = 2E8EBC221E63F198007C3849 /* Assets.xcassets */; };
		2E8EBC261E63F198007C3849 /* LaunchScreen.storyboard in Resources */ = {isa = PBXBuildFile; fileRef = 2E8EBC241E63F198007C3849 /* LaunchScreen.storyboard */; };
		2E8EBC2F1E63FAE3007C3849 /* FriendViewController.m in Sources */ = {isa = PBXBuildFile; fileRef = 2E8EBC2E1E63FAE3007C3849 /* FriendViewController.m */; };
		2E8EBC321E6402C4007C3849 /* CustomTableViewCell.m in Sources */ = {isa = PBXBuildFile; fileRef = 2E8EBC311E6402C4007C3849 /* CustomTableViewCell.m */; };
/* End PBXBuildFile section */

/* Begin PBXFileReference section */
		2E8EBC131E63F198007C3849 /* Practice0227_2.app */ = {isa = PBXFileReference; explicitFileType = wrapper.application; includeInIndex = 0; path = Practice0227_2.app; sourceTree = BUILT_PRODUCTS_DIR; };
		2E8EBC171E63F198007C3849 /* main.m */ = {isa = PBXFileReference; lastKnownFileType = sourcecode.c.objc; path = main.m; sourceTree = "<group>"; };
		2E8EBC191E63F198007C3849 /* AppDelegate.h */ = {isa = PBXFileReference; lastKnownFileType = sourcecode.c.h; path = AppDelegate.h; sourceTree = "<group>"; };
		2E8EBC1A1E63F198007C3849 /* AppDelegate.m */ = {isa = PBXFileReference; lastKnownFileType = sourcecode.c.objc; path = AppDelegate.m; sourceTree = "<group>"; };
		2E8EBC1C1E63F198007C3849 /* ViewController.h */ = {isa = PBXFileReference; lastKnownFileType = sourcecode.c.h; path = ViewController.h; sourceTree = "<group>"; };
		2E8EBC1D1E63F198007C3849 /* ViewController.m */ = {isa = PBXFileReference; lastKnownFileType = sourcecode.c.objc; path = ViewController.m; sourceTree = "<group>"; };
		2E8EBC201E63F198007C3849 /* Base */ = {isa = PBXFileReference; lastKnownFileType = file.storyboard; name = Base; path = Base.lproj/Main.storyboard; sourceTree = "<group>"; };
		2E8EBC221E63F198007C3849 /* Assets.xcassets */ = {isa = PBXFileReference; lastKnownFileType = folder.assetcatalog; path = Assets.xcassets; sourceTree = "<group>"; };
		2E8EBC251E63F198007C3849 /* Base */ = {isa = PBXFileReference; lastKnownFileType = file.storyboard; name = Base; path = Base.lproj/LaunchScreen.storyboard; sourceTree = "<group>"; };
		2E8EBC271E63F198007C3849 /* Info.plist */ = {isa = PBXFileReference; lastKnownFileType = text.plist.xml; path = Info.plist; sourceTree = "<group>"; };
		2E8EBC2D1E63FAE3007C3849 /* FriendViewController.h */ = {isa = PBXFileReference; fileEncoding = 4; lastKnownFileType = sourcecode.c.h; path = FriendViewController.h; sourceTree = "<group>"; };
		2E8EBC2E1E63FAE3007C3849 /* FriendViewController.m */ = {isa = PBXFileReference; fileEncoding = 4; lastKnownFileType = sourcecode.c.objc; path = FriendViewController.m; sourceTree = "<group>"; };
		2E8EBC301E6402C4007C3849 /* CustomTableViewCell.h */ = {isa = PBXFileReference; fileEncoding = 4; lastKnownFileType = sourcecode.c.h; path = CustomTableViewCell.h; sourceTree = "<group>"; };
		2E8EBC311E6402C4007C3849 /* CustomTableViewCell.m */ = {isa = PBXFileReference; fileEncoding = 4; lastKnownFileType = sourcecode.c.objc; path = CustomTableViewCell.m; sourceTree = "<group>"; };
/* End PBXFileReference section */

/* Begin PBXFrameworksBuildPhase section */
		2E8EBC101E63F198007C3849 /* Frameworks */ = {
			isa = PBXFrameworksBuildPhase;
			buildActionMask = 2147483647;
			files = (
			);
			runOnlyForDeploymentPostprocessing = 0;
		};
/* End PBXFrameworksBuildPhase section */

/* Begin PBXGroup section */
		2E8EBC0A1E63F198007C3849 = {
			isa = PBXGroup;
			children = (
				2E8EBC151E63F198007C3849 /* Practice0227_2 */,
				2E8EBC141E63F198007C3849 /* Products */,
			);
			sourceTree = "<group>";
		};
		2E8EBC141E63F198007C3849 /* Products */ = {
			isa = PBXGroup;
			children = (
				2E8EBC131E63F198007C3849 /* Practice0227_2.app */,
			);
			name = Products;
			sourceTree = "<group>";
		};
		2E8EBC151E63F198007C3849 /* Practice0227_2 */ = {
			isa = PBXGroup;
			children = (
				2E8EBC191E63F198007C3849 /* AppDelegate.h */,
				2E8EBC1A1E63F198007C3849 /* AppDelegate.m */,
				2E8EBC1C1E63F198007C3849 /* ViewController.h */,
				2E8EBC1D1E63F198007C3849 /* ViewController.m */,
				2E8EBC2D1E63FAE3007C3849 /* FriendViewController.h */,
				2E8EBC2E1E63FAE3007C3849 /* FriendViewController.m */,
				2E8EBC1F1E63F198007C3849 /* Main.storyboard */,
				2E8EBC221E63F198007C3849 /* Assets.xcassets */,
				2E8EBC241E63F198007C3849 /* LaunchScreen.storyboard */,
				2E8EBC271E63F198007C3849 /* Info.plist */,
				2E8EBC161E63F198007C3849 /* Supporting Files */,
				2E8EBC301E6402C4007C3849 /* CustomTableViewCell.h */,
				2E8EBC311E6402C4007C3849 /* CustomTableViewCell.m */,
			);
			path = Practice0227_2;
			sourceTree = "<group>";
		};
		2E8EBC161E63F198007C3849 /* Supporting Files */ = {
			isa = PBXGroup;
			children = (
				2E8EBC171E63F198007C3849 /* main.m */,
			);
			name = "Supporting Files";
			sourceTree = "<group>";
		};
/* End PBXGroup section */

/* Begin PBXNativeTarget section */
		2E8EBC121E63F198007C3849 /* Practice0227_2 */ = {
			isa = PBXNativeTarget;
			buildConfigurationList = 2E8EBC2A1E63F198007C3849 /* Build configuration list for PBXNativeTarget "Practice0227_2" */;
			buildPhases = (
				2E8EBC0F1E63F198007C3849 /* Sources */,
				2E8EBC101E63F198007C3849 /* Frameworks */,
				2E8EBC111E63F198007C3849 /* Resources */,
			);
			buildRules = (
			);
			dependencies = (
			);
			name = Practice0227_2;
			productName = Practice0227_2;
			productReference = 2E8EBC131E63F198007C3849 /* Practice0227_2.app */;
			productType = "com.apple.product-type.application";
		};
/* End PBXNativeTarget section */

/* Begin PBXProject section */
		2E8EBC0B1E63F198007C3849 /* Project object */ = {
			isa = PBXProject;
			attributes = {
				LastUpgradeCheck = 0820;
				ORGANIZATIONNAME = Parkchanwoong;
				TargetAttributes = {
					2E8EBC121E63F198007C3849 = {
						CreatedOnToolsVersion = 8.2.1;
						ProvisioningStyle = Automatic;
					};
				};
			};
			buildConfigurationList = 2E8EBC0E1E63F198007C3849 /* Build configuration list for PBXProject "Practice0227_2" */;
			compatibilityVersion = "Xcode 3.2";
			developmentRegion = English;
			hasScannedForEncodings = 0;
			knownRegions = (
				en,
				Base,
			);
			mainGroup = 2E8EBC0A1E63F198007C3849;
			productRefGroup = 2E8EBC141E63F198007C3849 /* Products */;
			projectDirPath = "";
			projectRoot = "";
			targets = (
				2E8EBC121E63F198007C3849 /* Practice0227_2 */,
			);
		};
/* End PBXProject section */

/* Begin PBXResourcesBuildPhase section */
		2E8EBC111E63F198007C3849 /* Resources */ = {
			isa = PBXResourcesBuildPhase;
			buildActionMask = 2147483647;
			files = (
				2E8EBC261E63F198007C3849 /* LaunchScreen.storyboard in Resources */,
				2E8EBC231E63F198007C3849 /* Assets.xcassets in Resources */,
				2E8EBC211E63F198007C3849 /* Main.storyboard in Resources */,
			);
			runOnlyForDeploymentPostprocessing = 0;
		};
/* End PBXResourcesBuildPhase section */

/* Begin PBXSourcesBuildPhase section */
		2E8EBC0F1E63F198007C3849 /* Sources */ = {
			isa = PBXSourcesBuildPhase;
			buildActionMask = 2147483647;
			files = (
				2E8EBC2F1E63FAE3007C3849 /* FriendViewController.m in Sources */,
				2E8EBC1E1E63F198007C3849 /* ViewController.m in Sources */,
				2E8EBC1B1E63F198007C3849 /* AppDelegate.m in Sources */,
				2E8EBC321E6402C4007C3849 /* CustomTableViewCell.m in Sources */,
				2E8EBC181E63F198007C3849 /* main.m in Sources */,
			);
			runOnlyForDeploymentPostprocessing = 0;
		};
/* End PBXSourcesBuildPhase section */

/* Begin PBXVariantGroup section */
		2E8EBC1F1E63F198007C3849 /* Main.storyboard */ = {
			isa = PBXVariantGroup;
			children = (
				2E8EBC201E63F198007C3849 /* Base */,
			);
			name = Main.storyboard;
			sourceTree = "<group>";
		};
		2E8EBC241E63F198007C3849 /* LaunchScreen.storyboard */ = {
			isa = PBXVariantGroup;
			children = (
				2E8EBC251E63F198007C3849 /* Base */,
			);
			name = LaunchScreen.storyboard;
			sourceTree = "<group>";
		};
/* End PBXVariantGroup section */

/* Begin XCBuildConfiguration section */
		2E8EBC281E63F198007C3849 /* Debug */ = {
			isa = XCBuildConfiguration;
			buildSettings = {
				ALWAYS_SEARCH_USER_PATHS = NO;
				CLANG_ANALYZER_NONNULL = YES;
				CLANG_CXX_LANGUAGE_STANDARD = "gnu++0x";
				CLANG_CXX_LIBRARY = "libc++";
				CLANG_ENABLE_MODULES = YES;
				CLANG_ENABLE_OBJC_ARC = YES;
				CLANG_WARN_BOOL_CONVERSION = YES;
				CLANG_WARN_CONSTANT_CONVERSION = YES;
				CLANG_WARN_DIRECT_OBJC_ISA_USAGE = YES_ERROR;
				CLANG_WARN_DOCUMENTATION_COMMENTS = YES;
				CLANG_WARN_EMPTY_BODY = YES;
				CLANG_WARN_ENUM_CONVERSION = YES;
				CLANG_WARN_INFINITE_RECURSION = YES;
				CLANG_WARN_INT_CONVERSION = YES;
				CLANG_WARN_OBJC_ROOT_CLASS = YES_ERROR;
				CLANG_WARN_SUSPICIOUS_MOVE = YES;
				CLANG_WARN_UNREACHABLE_CODE = YES;
				CLANG_WARN__DUPLICATE_METHOD_MATCH = YES;
				"CODE_SIGN_IDENTITY[sdk=iphoneos*]" = "iPhone Developer";
				COPY_PHASE_STRIP = NO;
				DEBUG_INFORMATION_FORMAT = dwarf;
				ENABLE_STRICT_OBJC_MSGSEND = YES;
				ENABLE_TESTABILITY = YES;
				GCC_C_LANGUAGE_STANDARD = gnu99;
				GCC_DYNAMIC_NO_PIC = NO;
				GCC_NO_COMMON_BLOCKS = YES;
				GCC_OPTIMIZATION_LEVEL = 0;
				GCC_PREPROCESSOR_DEFINITIONS = (
					"DEBUG=1",
					"$(inherited)",
				);
				GCC_WARN_64_TO_32_BIT_CONVERSION = YES;
				GCC_WARN_ABOUT_RETURN_TYPE = YES_ERROR;
				GCC_WARN_UNDECLARED_SELECTOR = YES;
				GCC_WARN_UNINITIALIZED_AUTOS = YES_AGGRESSIVE;
				GCC_WARN_UNUSED_FUNCTION = YES;
				GCC_WARN_UNUSED_VARIABLE = YES;
				IPHONEOS_DEPLOYMENT_TARGET = 10.2;
				MTL_ENABLE_DEBUG_INFO = YES;
				ONLY_ACTIVE_ARCH = YES;
				SDKROOT = iphoneos;
			};
			name = Debug;
		};
		2E8EBC291E63F198007C3849 /* Release */ = {
			isa = XCBuildConfiguration;
			buildSettings = {
				ALWAYS_SEARCH_USER_PATHS = NO;
				CLANG_ANALYZER_NONNULL = YES;
				CLANG_CXX_LANGUAGE_STANDARD = "gnu++0x";
				CLANG_CXX_LIBRARY = "libc++";
				CLANG_ENABLE_MODULES = YES;
				CLANG_ENABLE_OBJC_ARC = YES;
				CLANG_WARN_BOOL_CONVERSION = YES;
				CLANG_WARN_CONSTANT_CONVERSION = YES;
				CLANG_WARN_DIRECT_OBJC_ISA_USAGE = YES_ERROR;
				CLANG_WARN_DOCUMENTATION_COMMENTS = YES;
				CLANG_WARN_EMPTY_BODY = YES;
				CLANG_WARN_ENUM_CONVERSION = YES;
				CLANG_WARN_INFINITE_RECURSION = YES;
				CLANG_WARN_INT_CONVERSION = YES;
				CLANG_WARN_OBJC_ROOT_CLASS = YES_ERROR;
				CLANG_WARN_SUSPICIOUS_MOVE = YES;
				CLANG_WARN_UNREACHABLE_CODE = YES;
				CLANG_WARN__DUPLICATE_METHOD_MATCH = YES;
				"CODE_SIGN_IDENTITY[sdk=iphoneos*]" = "iPhone Developer";
				COPY_PHASE_STRIP = NO;
				DEBUG_INFORMATION_FORMAT = "dwarf-with-dsym";
				ENABLE_NS_ASSERTIONS = NO;
				ENABLE_STRICT_OBJC_MSGSEND = YES;
				GCC_C_LANGUAGE_STANDARD = gnu99;
				GCC_NO_COMMON_BLOCKS = YES;
				GCC_WARN_64_TO_32_BIT_CONVERSION = YES;
				GCC_WARN_ABOUT_RETURN_TYPE = YES_ERROR;
				GCC_WARN_UNDECLARED_SELECTOR = YES;
				GCC_WARN_UNINITIALIZED_AUTOS = YES_AGGRESSIVE;
				GCC_WARN_UNUSED_FUNCTION = YES;
				GCC_WARN_UNUSED_VARIABLE = YES;
				IPHONEOS_DEPLOYMENT_TARGET = 10.2;
				MTL_ENABLE_DEBUG_INFO = NO;
				SDKROOT = iphoneos;
				VALIDATE_PRODUCT = YES;
			};
			name = Release;
		};
		2E8EBC2B1E63F198007C3849 /* Debug */ = {
			isa = XCBuildConfiguration;
			buildSettings = {
				ASSETCATALOG_COMPILER_APPICON_NAME = AppIcon;
				INFOPLIST_FILE = Practice0227_2/Info.plist;
				LD_RUNPATH_SEARCH_PATHS = "$(inherited) @executable_path/Frameworks";
				PRODUCT_BUNDLE_IDENTIFIER = "chanwoong.Practice0227-2";
				PRODUCT_NAME = "$(TARGET_NAME)";
			};
			name = Debug;
		};
		2E8EBC2C1E63F198007C3849 /* Release */ = {
			isa = XCBuildConfiguration;
			buildSettings = {
				ASSETCATALOG_COMPILER_APPICON_NAME = AppIcon;
				INFOPLIST_FILE = Practice0227_2/Info.plist;
				LD_RUNPATH_SEARCH_PATHS = "$(inherited) @executable_path/Frameworks";
				PRODUCT_BUNDLE_IDENTIFIER = "chanwoong.Practice0227-2";
				PRODUCT_NAME = "$(TARGET_NAME)";
			};
			name = Release;
		};
/* End XCBuildConfiguration section */

/* Begin XCConfigurationList section */
		2E8EBC0E1E63F198007C3849 /* Build configuration list for PBXProject "Practice0227_2" */ = {
			isa = XCConfigurationList;
			buildConfigurations = (
				2E8EBC281E63F198007C3849 /* Debug */,
				2E8EBC291E63F198007C3849 /* Release */,
			);
			defaultConfigurationIsVisible = 0;
			defaultConfigurationName = Release;
		};
		2E8EBC2A1E63F198007C3849 /* Build configuration list for PBXNativeTarget "Practice0227_2" */ = {
			isa = XCConfigurationList;
			buildConfigurations = (
				2E8EBC2B1E63F198007C3849 /* Debug */,
				2E8EBC2C1E63F198007C3849 /* Release */,
			);
			defaultConfigurationIsVisible = 0;
		};
/* End XCConfigurationList section */
	};
	rootObject = 2E8EBC0B1E63F198007C3849 /* Project object */;
}
