// !$*UTF8*$!
{
	archiveVersion = 1;
	classes = {
	};
	objectVersion = 46;
	objects = {

/* Begin PBXBuildFile section */
		2E435A811E8923840054E1A3 /* DataCenter.m in Sources */ = {isa = PBXBuildFile; fileRef = 2E435A801E8923840054E1A3 /* DataCenter.m */; };
		2E82B41C1E88FE5B00B84F73 /* main.m in Sources */ = {isa = PBXBuildFile; fileRef = 2E82B41B1E88FE5B00B84F73 /* main.m */; };
		2E82B41F1E88FE5B00B84F73 /* AppDelegate.m in Sources */ = {isa = PBXBuildFile; fileRef = 2E82B41E1E88FE5B00B84F73 /* AppDelegate.m */; };
		2E82B4221E88FE5B00B84F73 /* SBSignUpViewController.m in Sources */ = {isa = PBXBuildFile; fileRef = 2E82B4211E88FE5B00B84F73 /* SBSignUpViewController.m */; };
		2E82B4271E88FE5B00B84F73 /* Assets.xcassets in Resources */ = {isa = PBXBuildFile; fileRef = 2E82B4261E88FE5B00B84F73 /* Assets.xcassets */; };
		2E82B42A1E88FE5B00B84F73 /* LaunchScreen.storyboard in Resources */ = {isa = PBXBuildFile; fileRef = 2E82B4281E88FE5B00B84F73 /* LaunchScreen.storyboard */; };
		2E82B4331E89163800B84F73 /* SBLoginViewController.m in Sources */ = {isa = PBXBuildFile; fileRef = 2E82B4321E89163800B84F73 /* SBLoginViewController.m */; };
		2E82B4391E891A4500B84F73 /* Main.storyboard in Resources */ = {isa = PBXBuildFile; fileRef = 2E82B4381E891A4500B84F73 /* Main.storyboard */; };
		6736AA7DC9EA7E5FEE513DF7 /* libPods-SignUpEmail.a in Frameworks */ = {isa = PBXBuildFile; fileRef = 56BAFC20F12B7E826892414A /* libPods-SignUpEmail.a */; };
/* End PBXBuildFile section */

/* Begin PBXFileReference section */
		2E435A7F1E8923840054E1A3 /* DataCenter.h */ = {isa = PBXFileReference; fileEncoding = 4; lastKnownFileType = sourcecode.c.h; path = DataCenter.h; sourceTree = "<group>"; };
		2E435A801E8923840054E1A3 /* DataCenter.m */ = {isa = PBXFileReference; fileEncoding = 4; lastKnownFileType = sourcecode.c.objc; path = DataCenter.m; sourceTree = "<group>"; };
		2E82B4171E88FE5B00B84F73 /* SignUpEmail.app */ = {isa = PBXFileReference; explicitFileType = wrapper.application; includeInIndex = 0; path = SignUpEmail.app; sourceTree = BUILT_PRODUCTS_DIR; };
		2E82B41B1E88FE5B00B84F73 /* main.m */ = {isa = PBXFileReference; lastKnownFileType = sourcecode.c.objc; path = main.m; sourceTree = "<group>"; };
		2E82B41D1E88FE5B00B84F73 /* AppDelegate.h */ = {isa = PBXFileReference; lastKnownFileType = sourcecode.c.h; path = AppDelegate.h; sourceTree = "<group>"; };
		2E82B41E1E88FE5B00B84F73 /* AppDelegate.m */ = {isa = PBXFileReference; lastKnownFileType = sourcecode.c.objc; path = AppDelegate.m; sourceTree = "<group>"; };
		2E82B4201E88FE5B00B84F73 /* SBSignUpViewController.h */ = {isa = PBXFileReference; lastKnownFileType = sourcecode.c.h; path = SBSignUpViewController.h; sourceTree = "<group>"; };
		2E82B4211E88FE5B00B84F73 /* SBSignUpViewController.m */ = {isa = PBXFileReference; lastKnownFileType = sourcecode.c.objc; path = SBSignUpViewController.m; sourceTree = "<group>"; };
		2E82B4261E88FE5B00B84F73 /* Assets.xcassets */ = {isa = PBXFileReference; lastKnownFileType = folder.assetcatalog; path = Assets.xcassets; sourceTree = "<group>"; };
		2E82B4291E88FE5B00B84F73 /* Base */ = {isa = PBXFileReference; lastKnownFileType = file.storyboard; name = Base; path = Base.lproj/LaunchScreen.storyboard; sourceTree = "<group>"; };
		2E82B42B1E88FE5B00B84F73 /* Info.plist */ = {isa = PBXFileReference; lastKnownFileType = text.plist.xml; path = Info.plist; sourceTree = "<group>"; };
		2E82B4311E89163800B84F73 /* SBLoginViewController.h */ = {isa = PBXFileReference; fileEncoding = 4; lastKnownFileType = sourcecode.c.h; path = SBLoginViewController.h; sourceTree = "<group>"; };
		2E82B4321E89163800B84F73 /* SBLoginViewController.m */ = {isa = PBXFileReference; fileEncoding = 4; lastKnownFileType = sourcecode.c.objc; path = SBLoginViewController.m; sourceTree = "<group>"; };
		2E82B4381E891A4500B84F73 /* Main.storyboard */ = {isa = PBXFileReference; fileEncoding = 4; lastKnownFileType = file.storyboard; path = Main.storyboard; sourceTree = "<group>"; };
		56BAFC20F12B7E826892414A /* libPods-SignUpEmail.a */ = {isa = PBXFileReference; explicitFileType = archive.ar; includeInIndex = 0; path = "libPods-SignUpEmail.a"; sourceTree = BUILT_PRODUCTS_DIR; };
		6057FB7A18B36D43C6D1CAEB /* Pods-SignUpEmail.release.xcconfig */ = {isa = PBXFileReference; includeInIndex = 1; lastKnownFileType = text.xcconfig; name = "Pods-SignUpEmail.release.xcconfig"; path = "Pods/Target Support Files/Pods-SignUpEmail/Pods-SignUpEmail.release.xcconfig"; sourceTree = "<group>"; };
		C9DF7FC0CE07F2CDBC0F08A7 /* Pods-SignUpEmail.debug.xcconfig */ = {isa = PBXFileReference; includeInIndex = 1; lastKnownFileType = text.xcconfig; name = "Pods-SignUpEmail.debug.xcconfig"; path = "Pods/Target Support Files/Pods-SignUpEmail/Pods-SignUpEmail.debug.xcconfig"; sourceTree = "<group>"; };
/* End PBXFileReference section */

/* Begin PBXFrameworksBuildPhase section */
		2E82B4141E88FE5B00B84F73 /* Frameworks */ = {
			isa = PBXFrameworksBuildPhase;
			buildActionMask = 2147483647;
			files = (
				6736AA7DC9EA7E5FEE513DF7 /* libPods-SignUpEmail.a in Frameworks */,
			);
			runOnlyForDeploymentPostprocessing = 0;
		};
/* End PBXFrameworksBuildPhase section */

/* Begin PBXGroup section */
		2E435A7E1E8923680054E1A3 /* Model */ = {
			isa = PBXGroup;
			children = (
				2E435A7F1E8923840054E1A3 /* DataCenter.h */,
				2E435A801E8923840054E1A3 /* DataCenter.m */,
			);
			name = Model;
			sourceTree = "<group>";
		};
		2E82B40E1E88FE5B00B84F73 = {
			isa = PBXGroup;
			children = (
				2E82B4191E88FE5B00B84F73 /* SignUpEmail */,
				2E82B4181E88FE5B00B84F73 /* Products */,
				F25C4BE208E5EC377E934F1B /* Pods */,
				3D37BB17E57958BD6AC3500D /* Frameworks */,
			);
			sourceTree = "<group>";
		};
		2E82B4181E88FE5B00B84F73 /* Products */ = {
			isa = PBXGroup;
			children = (
				2E82B4171E88FE5B00B84F73 /* SignUpEmail.app */,
			);
			name = Products;
			sourceTree = "<group>";
		};
		2E82B4191E88FE5B00B84F73 /* SignUpEmail */ = {
			isa = PBXGroup;
			children = (
				2E435A7E1E8923680054E1A3 /* Model */,
				2E82B4371E8916AB00B84F73 /* View */,
				2E82B4341E89167A00B84F73 /* Controller */,
				2E82B41D1E88FE5B00B84F73 /* AppDelegate.h */,
				2E82B41E1E88FE5B00B84F73 /* AppDelegate.m */,
				2E82B4261E88FE5B00B84F73 /* Assets.xcassets */,
				2E82B4281E88FE5B00B84F73 /* LaunchScreen.storyboard */,
				2E82B42B1E88FE5B00B84F73 /* Info.plist */,
				2E82B41A1E88FE5B00B84F73 /* Supporting Files */,
			);
			path = SignUpEmail;
			sourceTree = "<group>";
		};
		2E82B41A1E88FE5B00B84F73 /* Supporting Files */ = {
			isa = PBXGroup;
			children = (
				2E82B41B1E88FE5B00B84F73 /* main.m */,
			);
			name = "Supporting Files";
			sourceTree = "<group>";
		};
		2E82B4341E89167A00B84F73 /* Controller */ = {
			isa = PBXGroup;
			children = (
				2E82B4361E8916A000B84F73 /* SignUp */,
				2E82B4351E89169400B84F73 /* Login */,
			);
			name = Controller;
			sourceTree = "<group>";
		};
		2E82B4351E89169400B84F73 /* Login */ = {
			isa = PBXGroup;
			children = (
				2E82B4311E89163800B84F73 /* SBLoginViewController.h */,
				2E82B4321E89163800B84F73 /* SBLoginViewController.m */,
			);
			name = Login;
			sourceTree = "<group>";
		};
		2E82B4361E8916A000B84F73 /* SignUp */ = {
			isa = PBXGroup;
			children = (
				2E82B4201E88FE5B00B84F73 /* SBSignUpViewController.h */,
				2E82B4211E88FE5B00B84F73 /* SBSignUpViewController.m */,
			);
			name = SignUp;
			sourceTree = "<group>";
		};
		2E82B4371E8916AB00B84F73 /* View */ = {
			isa = PBXGroup;
			children = (
				2E82B4381E891A4500B84F73 /* Main.storyboard */,
			);
			name = View;
			sourceTree = "<group>";
		};
		3D37BB17E57958BD6AC3500D /* Frameworks */ = {
			isa = PBXGroup;
			children = (
				56BAFC20F12B7E826892414A /* libPods-SignUpEmail.a */,
			);
			name = Frameworks;
			sourceTree = "<group>";
		};
		F25C4BE208E5EC377E934F1B /* Pods */ = {
			isa = PBXGroup;
			children = (
				C9DF7FC0CE07F2CDBC0F08A7 /* Pods-SignUpEmail.debug.xcconfig */,
				6057FB7A18B36D43C6D1CAEB /* Pods-SignUpEmail.release.xcconfig */,
			);
			name = Pods;
			sourceTree = "<group>";
		};
/* End PBXGroup section */

/* Begin PBXNativeTarget section */
		2E82B4161E88FE5B00B84F73 /* SignUpEmail */ = {
			isa = PBXNativeTarget;
			buildConfigurationList = 2E82B42E1E88FE5B00B84F73 /* Build configuration list for PBXNativeTarget "SignUpEmail" */;
			buildPhases = (
				7A9D734284B0B820F562291E /* [CP] Check Pods Manifest.lock */,
				2E82B4131E88FE5B00B84F73 /* Sources */,
				2E82B4141E88FE5B00B84F73 /* Frameworks */,
				2E82B4151E88FE5B00B84F73 /* Resources */,
				BB2613AD39EF4109A7338644 /* [CP] Embed Pods Frameworks */,
				C5DC5D45DE9B2B5B4E5FF33C /* [CP] Copy Pods Resources */,
			);
			buildRules = (
			);
			dependencies = (
			);
			name = SignUpEmail;
			productName = SignUpEmail;
			productReference = 2E82B4171E88FE5B00B84F73 /* SignUpEmail.app */;
			productType = "com.apple.product-type.application";
		};
/* End PBXNativeTarget section */

/* Begin PBXProject section */
		2E82B40F1E88FE5B00B84F73 /* Project object */ = {
			isa = PBXProject;
			attributes = {
				LastUpgradeCheck = 0820;
				ORGANIZATIONNAME = Parkchanwoong;
				TargetAttributes = {
					2E82B4161E88FE5B00B84F73 = {
						CreatedOnToolsVersion = 8.2.1;
						DevelopmentTeam = NN7QXHC8A3;
						ProvisioningStyle = Automatic;
					};
				};
			};
			buildConfigurationList = 2E82B4121E88FE5B00B84F73 /* Build configuration list for PBXProject "SignUpEmail" */;
			compatibilityVersion = "Xcode 3.2";
			developmentRegion = English;
			hasScannedForEncodings = 0;
			knownRegions = (
				en,
				Base,
			);
			mainGroup = 2E82B40E1E88FE5B00B84F73;
			productRefGroup = 2E82B4181E88FE5B00B84F73 /* Products */;
			projectDirPath = "";
			projectRoot = "";
			targets = (
				2E82B4161E88FE5B00B84F73 /* SignUpEmail */,
			);
		};
/* End PBXProject section */

/* Begin PBXResourcesBuildPhase section */
		2E82B4151E88FE5B00B84F73 /* Resources */ = {
			isa = PBXResourcesBuildPhase;
			buildActionMask = 2147483647;
			files = (
				2E82B4391E891A4500B84F73 /* Main.storyboard in Resources */,
				2E82B42A1E88FE5B00B84F73 /* LaunchScreen.storyboard in Resources */,
				2E82B4271E88FE5B00B84F73 /* Assets.xcassets in Resources */,
			);
			runOnlyForDeploymentPostprocessing = 0;
		};
/* End PBXResourcesBuildPhase section */

/* Begin PBXShellScriptBuildPhase section */
		7A9D734284B0B820F562291E /* [CP] Check Pods Manifest.lock */ = {
			isa = PBXShellScriptBuildPhase;
			buildActionMask = 2147483647;
			files = (
			);
			inputPaths = (
			);
			name = "[CP] Check Pods Manifest.lock";
			outputPaths = (
			);
			runOnlyForDeploymentPostprocessing = 0;
			shellPath = /bin/sh;
			shellScript = "diff \"${PODS_ROOT}/../Podfile.lock\" \"${PODS_ROOT}/Manifest.lock\" > /dev/null\nif [ $? != 0 ] ; then\n    # print error to STDERR\n    echo \"error: The sandbox is not in sync with the Podfile.lock. Run 'pod install' or update your CocoaPods installation.\" >&2\n    exit 1\nfi\n";
			showEnvVarsInLog = 0;
		};
		BB2613AD39EF4109A7338644 /* [CP] Embed Pods Frameworks */ = {
			isa = PBXShellScriptBuildPhase;
			buildActionMask = 2147483647;
			files = (
			);
			inputPaths = (
			);
			name = "[CP] Embed Pods Frameworks";
			outputPaths = (
			);
			runOnlyForDeploymentPostprocessing = 0;
			shellPath = /bin/sh;
			shellScript = "\"${SRCROOT}/Pods/Target Support Files/Pods-SignUpEmail/Pods-SignUpEmail-frameworks.sh\"\n";
			showEnvVarsInLog = 0;
		};
		C5DC5D45DE9B2B5B4E5FF33C /* [CP] Copy Pods Resources */ = {
			isa = PBXShellScriptBuildPhase;
			buildActionMask = 2147483647;
			files = (
			);
			inputPaths = (
			);
			name = "[CP] Copy Pods Resources";
			outputPaths = (
			);
			runOnlyForDeploymentPostprocessing = 0;
			shellPath = /bin/sh;
			shellScript = "\"${SRCROOT}/Pods/Target Support Files/Pods-SignUpEmail/Pods-SignUpEmail-resources.sh\"\n";
			showEnvVarsInLog = 0;
		};
/* End PBXShellScriptBuildPhase section */

/* Begin PBXSourcesBuildPhase section */
		2E82B4131E88FE5B00B84F73 /* Sources */ = {
			isa = PBXSourcesBuildPhase;
			buildActionMask = 2147483647;
			files = (
				2E82B4221E88FE5B00B84F73 /* SBSignUpViewController.m in Sources */,
				2E435A811E8923840054E1A3 /* DataCenter.m in Sources */,
				2E82B41F1E88FE5B00B84F73 /* AppDelegate.m in Sources */,
				2E82B41C1E88FE5B00B84F73 /* main.m in Sources */,
				2E82B4331E89163800B84F73 /* SBLoginViewController.m in Sources */,
			);
			runOnlyForDeploymentPostprocessing = 0;
		};
/* End PBXSourcesBuildPhase section */

/* Begin PBXVariantGroup section */
		2E82B4281E88FE5B00B84F73 /* LaunchScreen.storyboard */ = {
			isa = PBXVariantGroup;
			children = (
				2E82B4291E88FE5B00B84F73 /* Base */,
			);
			name = LaunchScreen.storyboard;
			sourceTree = "<group>";
		};
/* End PBXVariantGroup section */

/* Begin XCBuildConfiguration section */
		2E82B42C1E88FE5B00B84F73 /* Debug */ = {
			isa = XCBuildConfiguration;
			buildSettings = {
				ALWAYS_SEARCH_USER_PATHS = NO;
				CLANG_ANALYZER_NONNULL = YES;
				CLANG_CXX_LANGUAGE_STANDARD = "gnu++0x";
				CLANG_CXX_LIBRARY = "libc++";
				CLANG_ENABLE_MODULES = YES;
				CLANG_ENABLE_OBJC_ARC = YES;
				CLANG_WARN_BOOL_CONVERSION = YES;
				CLANG_WARN_CONSTANT_CONVERSION = YES;
				CLANG_WARN_DIRECT_OBJC_ISA_USAGE = YES_ERROR;
				CLANG_WARN_DOCUMENTATION_COMMENTS = YES;
				CLANG_WARN_EMPTY_BODY = YES;
				CLANG_WARN_ENUM_CONVERSION = YES;
				CLANG_WARN_INFINITE_RECURSION = YES;
				CLANG_WARN_INT_CONVERSION = YES;
				CLANG_WARN_OBJC_ROOT_CLASS = YES_ERROR;
				CLANG_WARN_SUSPICIOUS_MOVE = YES;
				CLANG_WARN_UNREACHABLE_CODE = YES;
				CLANG_WARN__DUPLICATE_METHOD_MATCH = YES;
				"CODE_SIGN_IDENTITY[sdk=iphoneos*]" = "iPhone Developer";
				COPY_PHASE_STRIP = NO;
				DEBUG_INFORMATION_FORMAT = dwarf;
				ENABLE_STRICT_OBJC_MSGSEND = YES;
				ENABLE_TESTABILITY = YES;
				GCC_C_LANGUAGE_STANDARD = gnu99;
				GCC_DYNAMIC_NO_PIC = NO;
				GCC_NO_COMMON_BLOCKS = YES;
				GCC_OPTIMIZATION_LEVEL = 0;
				GCC_PREPROCESSOR_DEFINITIONS = (
					"DEBUG=1",
					"$(inherited)",
				);
				GCC_WARN_64_TO_32_BIT_CONVERSION = YES;
				GCC_WARN_ABOUT_RETURN_TYPE = YES_ERROR;
				GCC_WARN_UNDECLARED_SELECTOR = YES;
				GCC_WARN_UNINITIALIZED_AUTOS = YES_AGGRESSIVE;
				GCC_WARN_UNUSED_FUNCTION = YES;
				GCC_WARN_UNUSED_VARIABLE = YES;
				IPHONEOS_DEPLOYMENT_TARGET = 10.2;
				MTL_ENABLE_DEBUG_INFO = YES;
				ONLY_ACTIVE_ARCH = YES;
				SDKROOT = iphoneos;
			};
			name = Debug;
		};
		2E82B42D1E88FE5B00B84F73 /* Release */ = {
			isa = XCBuildConfiguration;
			buildSettings = {
				ALWAYS_SEARCH_USER_PATHS = NO;
				CLANG_ANALYZER_NONNULL = YES;
				CLANG_CXX_LANGUAGE_STANDARD = "gnu++0x";
				CLANG_CXX_LIBRARY = "libc++";
				CLANG_ENABLE_MODULES = YES;
				CLANG_ENABLE_OBJC_ARC = YES;
				CLANG_WARN_BOOL_CONVERSION = YES;
				CLANG_WARN_CONSTANT_CONVERSION = YES;
				CLANG_WARN_DIRECT_OBJC_ISA_USAGE = YES_ERROR;
				CLANG_WARN_DOCUMENTATION_COMMENTS = YES;
				CLANG_WARN_EMPTY_BODY = YES;
				CLANG_WARN_ENUM_CONVERSION = YES;
				CLANG_WARN_INFINITE_RECURSION = YES;
				CLANG_WARN_INT_CONVERSION = YES;
				CLANG_WARN_OBJC_ROOT_CLASS = YES_ERROR;
				CLANG_WARN_SUSPICIOUS_MOVE = YES;
				CLANG_WARN_UNREACHABLE_CODE = YES;
				CLANG_WARN__DUPLICATE_METHOD_MATCH = YES;
				"CODE_SIGN_IDENTITY[sdk=iphoneos*]" = "iPhone Developer";
				COPY_PHASE_STRIP = NO;
				DEBUG_INFORMATION_FORMAT = "dwarf-with-dsym";
				ENABLE_NS_ASSERTIONS = NO;
				ENABLE_STRICT_OBJC_MSGSEND = YES;
				GCC_C_LANGUAGE_STANDARD = gnu99;
				GCC_NO_COMMON_BLOCKS = YES;
				GCC_WARN_64_TO_32_BIT_CONVERSION = YES;
				GCC_WARN_ABOUT_RETURN_TYPE = YES_ERROR;
				GCC_WARN_UNDECLARED_SELECTOR = YES;
				GCC_WARN_UNINITIALIZED_AUTOS = YES_AGGRESSIVE;
				GCC_WARN_UNUSED_FUNCTION = YES;
				GCC_WARN_UNUSED_VARIABLE = YES;
				IPHONEOS_DEPLOYMENT_TARGET = 10.2;
				MTL_ENABLE_DEBUG_INFO = NO;
				SDKROOT = iphoneos;
				VALIDATE_PRODUCT = YES;
			};
			name = Release;
		};
		2E82B42F1E88FE5B00B84F73 /* Debug */ = {
			isa = XCBuildConfiguration;
			baseConfigurationReference = C9DF7FC0CE07F2CDBC0F08A7 /* Pods-SignUpEmail.debug.xcconfig */;
			buildSettings = {
				ASSETCATALOG_COMPILER_APPICON_NAME = AppIcon;
				DEVELOPMENT_TEAM = NN7QXHC8A3;
				INFOPLIST_FILE = SignUpEmail/Info.plist;
				LD_RUNPATH_SEARCH_PATHS = "$(inherited) @executable_path/Frameworks";
				PRODUCT_BUNDLE_IDENTIFIER = chanwoong.SignUpEmail;
				PRODUCT_NAME = "$(TARGET_NAME)";
			};
			name = Debug;
		};
		2E82B4301E88FE5B00B84F73 /* Release */ = {
			isa = XCBuildConfiguration;
			baseConfigurationReference = 6057FB7A18B36D43C6D1CAEB /* Pods-SignUpEmail.release.xcconfig */;
			buildSettings = {
				ASSETCATALOG_COMPILER_APPICON_NAME = AppIcon;
				DEVELOPMENT_TEAM = NN7QXHC8A3;
				INFOPLIST_FILE = SignUpEmail/Info.plist;
				LD_RUNPATH_SEARCH_PATHS = "$(inherited) @executable_path/Frameworks";
				PRODUCT_BUNDLE_IDENTIFIER = chanwoong.SignUpEmail;
				PRODUCT_NAME = "$(TARGET_NAME)";
			};
			name = Release;
		};
/* End XCBuildConfiguration section */

/* Begin XCConfigurationList section */
		2E82B4121E88FE5B00B84F73 /* Build configuration list for PBXProject "SignUpEmail" */ = {
			isa = XCConfigurationList;
			buildConfigurations = (
				2E82B42C1E88FE5B00B84F73 /* Debug */,
				2E82B42D1E88FE5B00B84F73 /* Release */,
			);
			defaultConfigurationIsVisible = 0;
			defaultConfigurationName = Release;
		};
		2E82B42E1E88FE5B00B84F73 /* Build configuration list for PBXNativeTarget "SignUpEmail" */ = {
			isa = XCConfigurationList;
			buildConfigurations = (
				2E82B42F1E88FE5B00B84F73 /* Debug */,
				2E82B4301E88FE5B00B84F73 /* Release */,
			);
			defaultConfigurationIsVisible = 0;
			defaultConfigurationName = Release;
		};
/* End XCConfigurationList section */
	};
	rootObject = 2E82B40F1E88FE5B00B84F73 /* Project object */;
}
