// !$*UTF8*$!
{
	archiveVersion = 1;
	classes = {
	};
	objectVersion = 46;
	objects = {

/* Begin PBXBuildFile section */
		2EFDA61E1E4C023F0067EB87 /* main.m in Sources */ = {isa = PBXBuildFile; fileRef = 2EFDA61D1E4C023F0067EB87 /* main.m */; };
		2EFDA6211E4C023F0067EB87 /* AppDelegate.m in Sources */ = {isa = PBXBuildFile; fileRef = 2EFDA6201E4C023F0067EB87 /* AppDelegate.m */; };
		2EFDA6241E4C023F0067EB87 /* ViewController.m in Sources */ = {isa = PBXBuildFile; fileRef = 2EFDA6231E4C023F0067EB87 /* ViewController.m */; };
		2EFDA6271E4C023F0067EB87 /* Main.storyboard in Resources */ = {isa = PBXBuildFile; fileRef = 2EFDA6251E4C023F0067EB87 /* Main.storyboard */; };
		2EFDA6291E4C023F0067EB87 /* Assets.xcassets in Resources */ = {isa = PBXBuildFile; fileRef = 2EFDA6281E4C023F0067EB87 /* Assets.xcassets */; };
		2EFDA62C1E4C023F0067EB87 /* LaunchScreen.storyboard in Resources */ = {isa = PBXBuildFile; fileRef = 2EFDA62A1E4C023F0067EB87 /* LaunchScreen.storyboard */; };
/* End PBXBuildFile section */

/* Begin PBXFileReference section */
		2EFDA6191E4C023F0067EB87 /* Practice0209.app */ = {isa = PBXFileReference; explicitFileType = wrapper.application; includeInIndex = 0; path = Practice0209.app; sourceTree = BUILT_PRODUCTS_DIR; };
		2EFDA61D1E4C023F0067EB87 /* main.m */ = {isa = PBXFileReference; lastKnownFileType = sourcecode.c.objc; path = main.m; sourceTree = "<group>"; };
		2EFDA61F1E4C023F0067EB87 /* AppDelegate.h */ = {isa = PBXFileReference; lastKnownFileType = sourcecode.c.h; path = AppDelegate.h; sourceTree = "<group>"; };
		2EFDA6201E4C023F0067EB87 /* AppDelegate.m */ = {isa = PBXFileReference; lastKnownFileType = sourcecode.c.objc; path = AppDelegate.m; sourceTree = "<group>"; };
		2EFDA6221E4C023F0067EB87 /* ViewController.h */ = {isa = PBXFileReference; lastKnownFileType = sourcecode.c.h; path = ViewController.h; sourceTree = "<group>"; };
		2EFDA6231E4C023F0067EB87 /* ViewController.m */ = {isa = PBXFileReference; lastKnownFileType = sourcecode.c.objc; path = ViewController.m; sourceTree = "<group>"; };
		2EFDA6261E4C023F0067EB87 /* Base */ = {isa = PBXFileReference; lastKnownFileType = file.storyboard; name = Base; path = Base.lproj/Main.storyboard; sourceTree = "<group>"; };
		2EFDA6281E4C023F0067EB87 /* Assets.xcassets */ = {isa = PBXFileReference; lastKnownFileType = folder.assetcatalog; path = Assets.xcassets; sourceTree = "<group>"; };
		2EFDA62B1E4C023F0067EB87 /* Base */ = {isa = PBXFileReference; lastKnownFileType = file.storyboard; name = Base; path = Base.lproj/LaunchScreen.storyboard; sourceTree = "<group>"; };
		2EFDA62D1E4C023F0067EB87 /* Info.plist */ = {isa = PBXFileReference; lastKnownFileType = text.plist.xml; path = Info.plist; sourceTree = "<group>"; };
/* End PBXFileReference section */

/* Begin PBXFrameworksBuildPhase section */
		2EFDA6161E4C023F0067EB87 /* Frameworks */ = {
			isa = PBXFrameworksBuildPhase;
			buildActionMask = 2147483647;
			files = (
			);
			runOnlyForDeploymentPostprocessing = 0;
		};
/* End PBXFrameworksBuildPhase section */

/* Begin PBXGroup section */
		2EFDA6101E4C023F0067EB87 = {
			isa = PBXGroup;
			children = (
				2EFDA61B1E4C023F0067EB87 /* Practice0209 */,
				2EFDA61A1E4C023F0067EB87 /* Products */,
			);
			sourceTree = "<group>";
		};
		2EFDA61A1E4C023F0067EB87 /* Products */ = {
			isa = PBXGroup;
			children = (
				2EFDA6191E4C023F0067EB87 /* Practice0209.app */,
			);
			name = Products;
			sourceTree = "<group>";
		};
		2EFDA61B1E4C023F0067EB87 /* Practice0209 */ = {
			isa = PBXGroup;
			children = (
				2EFDA61F1E4C023F0067EB87 /* AppDelegate.h */,
				2EFDA6201E4C023F0067EB87 /* AppDelegate.m */,
				2EFDA6221E4C023F0067EB87 /* ViewController.h */,
				2EFDA6231E4C023F0067EB87 /* ViewController.m */,
				2EFDA6251E4C023F0067EB87 /* Main.storyboard */,
				2EFDA6281E4C023F0067EB87 /* Assets.xcassets */,
				2EFDA62A1E4C023F0067EB87 /* LaunchScreen.storyboard */,
				2EFDA62D1E4C023F0067EB87 /* Info.plist */,
				2EFDA61C1E4C023F0067EB87 /* Supporting Files */,
			);
			path = Practice0209;
			sourceTree = "<group>";
		};
		2EFDA61C1E4C023F0067EB87 /* Supporting Files */ = {
			isa = PBXGroup;
			children = (
				2EFDA61D1E4C023F0067EB87 /* main.m */,
			);
			name = "Supporting Files";
			sourceTree = "<group>";
		};
/* End PBXGroup section */

/* Begin PBXNativeTarget section */
		2EFDA6181E4C023F0067EB87 /* Practice0209 */ = {
			isa = PBXNativeTarget;
			buildConfigurationList = 2EFDA6301E4C023F0067EB87 /* Build configuration list for PBXNativeTarget "Practice0209" */;
			buildPhases = (
				2EFDA6151E4C023F0067EB87 /* Sources */,
				2EFDA6161E4C023F0067EB87 /* Frameworks */,
				2EFDA6171E4C023F0067EB87 /* Resources */,
			);
			buildRules = (
			);
			dependencies = (
			);
			name = Practice0209;
			productName = Practice0209;
			productReference = 2EFDA6191E4C023F0067EB87 /* Practice0209.app */;
			productType = "com.apple.product-type.application";
		};
/* End PBXNativeTarget section */

/* Begin PBXProject section */
		2EFDA6111E4C023F0067EB87 /* Project object */ = {
			isa = PBXProject;
			attributes = {
				LastUpgradeCheck = 0820;
				ORGANIZATIONNAME = Parkchanwoong;
				TargetAttributes = {
					2EFDA6181E4C023F0067EB87 = {
						CreatedOnToolsVersion = 8.2.1;
						ProvisioningStyle = Automatic;
					};
				};
			};
			buildConfigurationList = 2EFDA6141E4C023F0067EB87 /* Build configuration list for PBXProject "Practice0209" */;
			compatibilityVersion = "Xcode 3.2";
			developmentRegion = English;
			hasScannedForEncodings = 0;
			knownRegions = (
				en,
				Base,
			);
			mainGroup = 2EFDA6101E4C023F0067EB87;
			productRefGroup = 2EFDA61A1E4C023F0067EB87 /* Products */;
			projectDirPath = "";
			projectRoot = "";
			targets = (
				2EFDA6181E4C023F0067EB87 /* Practice0209 */,
			);
		};
/* End PBXProject section */

/* Begin PBXResourcesBuildPhase section */
		2EFDA6171E4C023F0067EB87 /* Resources */ = {
			isa = PBXResourcesBuildPhase;
			buildActionMask = 2147483647;
			files = (
				2EFDA62C1E4C023F0067EB87 /* LaunchScreen.storyboard in Resources */,
				2EFDA6291E4C023F0067EB87 /* Assets.xcassets in Resources */,
				2EFDA6271E4C023F0067EB87 /* Main.storyboard in Resources */,
			);
			runOnlyForDeploymentPostprocessing = 0;
		};
/* End PBXResourcesBuildPhase section */

/* Begin PBXSourcesBuildPhase section */
		2EFDA6151E4C023F0067EB87 /* Sources */ = {
			isa = PBXSourcesBuildPhase;
			buildActionMask = 2147483647;
			files = (
				2EFDA6241E4C023F0067EB87 /* ViewController.m in Sources */,
				2EFDA6211E4C023F0067EB87 /* AppDelegate.m in Sources */,
				2EFDA61E1E4C023F0067EB87 /* main.m in Sources */,
			);
			runOnlyForDeploymentPostprocessing = 0;
		};
/* End PBXSourcesBuildPhase section */

/* Begin PBXVariantGroup section */
		2EFDA6251E4C023F0067EB87 /* Main.storyboard */ = {
			isa = PBXVariantGroup;
			children = (
				2EFDA6261E4C023F0067EB87 /* Base */,
			);
			name = Main.storyboard;
			sourceTree = "<group>";
		};
		2EFDA62A1E4C023F0067EB87 /* LaunchScreen.storyboard */ = {
			isa = PBXVariantGroup;
			children = (
				2EFDA62B1E4C023F0067EB87 /* Base */,
			);
			name = LaunchScreen.storyboard;
			sourceTree = "<group>";
		};
/* End PBXVariantGroup section */

/* Begin XCBuildConfiguration section */
		2EFDA62E1E4C023F0067EB87 /* Debug */ = {
			isa = XCBuildConfiguration;
			buildSettings = {
				ALWAYS_SEARCH_USER_PATHS = NO;
				CLANG_ANALYZER_NONNULL = YES;
				CLANG_CXX_LANGUAGE_STANDARD = "gnu++0x";
				CLANG_CXX_LIBRARY = "libc++";
				CLANG_ENABLE_MODULES = YES;
				CLANG_ENABLE_OBJC_ARC = YES;
				CLANG_WARN_BOOL_CONVERSION = YES;
				CLANG_WARN_CONSTANT_CONVERSION = YES;
				CLANG_WARN_DIRECT_OBJC_ISA_USAGE = YES_ERROR;
				CLANG_WARN_DOCUMENTATION_COMMENTS = YES;
				CLANG_WARN_EMPTY_BODY = YES;
				CLANG_WARN_ENUM_CONVERSION = YES;
				CLANG_WARN_INFINITE_RECURSION = YES;
				CLANG_WARN_INT_CONVERSION = YES;
				CLANG_WARN_OBJC_ROOT_CLASS = YES_ERROR;
				CLANG_WARN_SUSPICIOUS_MOVE = YES;
				CLANG_WARN_UNREACHABLE_CODE = YES;
				CLANG_WARN__DUPLICATE_METHOD_MATCH = YES;
				"CODE_SIGN_IDENTITY[sdk=iphoneos*]" = "iPhone Developer";
				COPY_PHASE_STRIP = NO;
				DEBUG_INFORMATION_FORMAT = dwarf;
				ENABLE_STRICT_OBJC_MSGSEND = YES;
				ENABLE_TESTABILITY = YES;
				GCC_C_LANGUAGE_STANDARD = gnu99;
				GCC_DYNAMIC_NO_PIC = NO;
				GCC_NO_COMMON_BLOCKS = YES;
				GCC_OPTIMIZATION_LEVEL = 0;
				GCC_PREPROCESSOR_DEFINITIONS = (
					"DEBUG=1",
					"$(inherited)",
				);
				GCC_WARN_64_TO_32_BIT_CONVERSION = YES;
				GCC_WARN_ABOUT_RETURN_TYPE = YES_ERROR;
				GCC_WARN_UNDECLARED_SELECTOR = YES;
				GCC_WARN_UNINITIALIZED_AUTOS = YES_AGGRESSIVE;
				GCC_WARN_UNUSED_FUNCTION = YES;
				GCC_WARN_UNUSED_VARIABLE = YES;
				IPHONEOS_DEPLOYMENT_TARGET = 10.2;
				MTL_ENABLE_DEBUG_INFO = YES;
				ONLY_ACTIVE_ARCH = YES;
				SDKROOT = iphoneos;
			};
			name = Debug;
		};
		2EFDA62F1E4C023F0067EB87 /* Release */ = {
			isa = XCBuildConfiguration;
			buildSettings = {
				ALWAYS_SEARCH_USER_PATHS = NO;
				CLANG_ANALYZER_NONNULL = YES;
				CLANG_CXX_LANGUAGE_STANDARD = "gnu++0x";
				CLANG_CXX_LIBRARY = "libc++";
				CLANG_ENABLE_MODULES = YES;
				CLANG_ENABLE_OBJC_ARC = YES;
				CLANG_WARN_BOOL_CONVERSION = YES;
				CLANG_WARN_CONSTANT_CONVERSION = YES;
				CLANG_WARN_DIRECT_OBJC_ISA_USAGE = YES_ERROR;
				CLANG_WARN_DOCUMENTATION_COMMENTS = YES;
				CLANG_WARN_EMPTY_BODY = YES;
				CLANG_WARN_ENUM_CONVERSION = YES;
				CLANG_WARN_INFINITE_RECURSION = YES;
				CLANG_WARN_INT_CONVERSION = YES;
				CLANG_WARN_OBJC_ROOT_CLASS = YES_ERROR;
				CLANG_WARN_SUSPICIOUS_MOVE = YES;
				CLANG_WARN_UNREACHABLE_CODE = YES;
				CLANG_WARN__DUPLICATE_METHOD_MATCH = YES;
				"CODE_SIGN_IDENTITY[sdk=iphoneos*]" = "iPhone Developer";
				COPY_PHASE_STRIP = NO;
				DEBUG_INFORMATION_FORMAT = "dwarf-with-dsym";
				ENABLE_NS_ASSERTIONS = NO;
				ENABLE_STRICT_OBJC_MSGSEND = YES;
				GCC_C_LANGUAGE_STANDARD = gnu99;
				GCC_NO_COMMON_BLOCKS = YES;
				GCC_WARN_64_TO_32_BIT_CONVERSION = YES;
				GCC_WARN_ABOUT_RETURN_TYPE = YES_ERROR;
				GCC_WARN_UNDECLARED_SELECTOR = YES;
				GCC_WARN_UNINITIALIZED_AUTOS = YES_AGGRESSIVE;
				GCC_WARN_UNUSED_FUNCTION = YES;
				GCC_WARN_UNUSED_VARIABLE = YES;
				IPHONEOS_DEPLOYMENT_TARGET = 10.2;
				MTL_ENABLE_DEBUG_INFO = NO;
				SDKROOT = iphoneos;
				VALIDATE_PRODUCT = YES;
			};
			name = Release;
		};
		2EFDA6311E4C023F0067EB87 /* Debug */ = {
			isa = XCBuildConfiguration;
			buildSettings = {
				ASSETCATALOG_COMPILER_APPICON_NAME = AppIcon;
				INFOPLIST_FILE = Practice0209/Info.plist;
				LD_RUNPATH_SEARCH_PATHS = "$(inherited) @executable_path/Frameworks";
				PRODUCT_BUNDLE_IDENTIFIER = chanwoong.Practice0209;
				PRODUCT_NAME = "$(TARGET_NAME)";
			};
			name = Debug;
		};
		2EFDA6321E4C023F0067EB87 /* Release */ = {
			isa = XCBuildConfiguration;
			buildSettings = {
				ASSETCATALOG_COMPILER_APPICON_NAME = AppIcon;
				INFOPLIST_FILE = Practice0209/Info.plist;
				LD_RUNPATH_SEARCH_PATHS = "$(inherited) @executable_path/Frameworks";
				PRODUCT_BUNDLE_IDENTIFIER = chanwoong.Practice0209;
				PRODUCT_NAME = "$(TARGET_NAME)";
			};
			name = Release;
		};
/* End XCBuildConfiguration section */

/* Begin XCConfigurationList section */
		2EFDA6141E4C023F0067EB87 /* Build configuration list for PBXProject "Practice0209" */ = {
			isa = XCConfigurationList;
			buildConfigurations = (
				2EFDA62E1E4C023F0067EB87 /* Debug */,
				2EFDA62F1E4C023F0067EB87 /* Release */,
			);
			defaultConfigurationIsVisible = 0;
			defaultConfigurationName = Release;
		};
		2EFDA6301E4C023F0067EB87 /* Build configuration list for PBXNativeTarget "Practice0209" */ = {
			isa = XCConfigurationList;
			buildConfigurations = (
				2EFDA6311E4C023F0067EB87 /* Debug */,
				2EFDA6321E4C023F0067EB87 /* Release */,
			);
			defaultConfigurationIsVisible = 0;
		};
/* End XCConfigurationList section */
	};
	rootObject = 2EFDA6111E4C023F0067EB87 /* Project object */;
}
