// !$*UTF8*$!
{
	archiveVersion = 1;
	classes = {
	};
	objectVersion = 46;
	objects = {

/* Begin PBXBuildFile section */
		2EE0BBFB1E7E87C700D749BF /* main.m in Sources */ = {isa = PBXBuildFile; fileRef = 2EE0BBFA1E7E87C700D749BF /* main.m */; };
		2EE0BBFE1E7E87C700D749BF /* AppDelegate.m in Sources */ = {isa = PBXBuildFile; fileRef = 2EE0BBFD1E7E87C700D749BF /* AppDelegate.m */; };
		2EE0BC011E7E87C700D749BF /* ViewController.m in Sources */ = {isa = PBXBuildFile; fileRef = 2EE0BC001E7E87C700D749BF /* ViewController.m */; };
		2EE0BC041E7E87C700D749BF /* Main.storyboard in Resources */ = {isa = PBXBuildFile; fileRef = 2EE0BC021E7E87C700D749BF /* Main.storyboard */; };
		2EE0BC061E7E87C700D749BF /* Assets.xcassets in Resources */ = {isa = PBXBuildFile; fileRef = 2EE0BC051E7E87C700D749BF /* Assets.xcassets */; };
		2EE0BC091E7E87C700D749BF /* LaunchScreen.storyboard in Resources */ = {isa = PBXBuildFile; fileRef = 2EE0BC071E7E87C700D749BF /* LaunchScreen.storyboard */; };
		2EE0BC111E7E889600D749BF /* DrinkMixer.plist in Resources */ = {isa = PBXBuildFile; fileRef = 2EE0BC101E7E889600D749BF /* DrinkMixer.plist */; };
		2EE0BC151E7E89DD00D749BF /* DrinkDetailViewController.m in Sources */ = {isa = PBXBuildFile; fileRef = 2EE0BC131E7E89DD00D749BF /* DrinkDetailViewController.m */; };
		2EE0BC161E7E89DD00D749BF /* DrinkDetailViewController.xib in Resources */ = {isa = PBXBuildFile; fileRef = 2EE0BC141E7E89DD00D749BF /* DrinkDetailViewController.xib */; };
		2EE0BC191E7E9E4900D749BF /* DrinkConstants.m in Sources */ = {isa = PBXBuildFile; fileRef = 2EE0BC181E7E9E4900D749BF /* DrinkConstants.m */; };
/* End PBXBuildFile section */

/* Begin PBXFileReference section */
		2EE0BBF61E7E87C700D749BF /* DrinkMixer.app */ = {isa = PBXFileReference; explicitFileType = wrapper.application; includeInIndex = 0; path = DrinkMixer.app; sourceTree = BUILT_PRODUCTS_DIR; };
		2EE0BBFA1E7E87C700D749BF /* main.m */ = {isa = PBXFileReference; lastKnownFileType = sourcecode.c.objc; path = main.m; sourceTree = "<group>"; };
		2EE0BBFC1E7E87C700D749BF /* AppDelegate.h */ = {isa = PBXFileReference; lastKnownFileType = sourcecode.c.h; path = AppDelegate.h; sourceTree = "<group>"; };
		2EE0BBFD1E7E87C700D749BF /* AppDelegate.m */ = {isa = PBXFileReference; lastKnownFileType = sourcecode.c.objc; path = AppDelegate.m; sourceTree = "<group>"; };
		2EE0BBFF1E7E87C700D749BF /* ViewController.h */ = {isa = PBXFileReference; lastKnownFileType = sourcecode.c.h; path = ViewController.h; sourceTree = "<group>"; };
		2EE0BC001E7E87C700D749BF /* ViewController.m */ = {isa = PBXFileReference; lastKnownFileType = sourcecode.c.objc; path = ViewController.m; sourceTree = "<group>"; };
		2EE0BC031E7E87C700D749BF /* Base */ = {isa = PBXFileReference; lastKnownFileType = file.storyboard; name = Base; path = Base.lproj/Main.storyboard; sourceTree = "<group>"; };
		2EE0BC051E7E87C700D749BF /* Assets.xcassets */ = {isa = PBXFileReference; lastKnownFileType = folder.assetcatalog; path = Assets.xcassets; sourceTree = "<group>"; };
		2EE0BC081E7E87C700D749BF /* Base */ = {isa = PBXFileReference; lastKnownFileType = file.storyboard; name = Base; path = Base.lproj/LaunchScreen.storyboard; sourceTree = "<group>"; };
		2EE0BC0A1E7E87C700D749BF /* Info.plist */ = {isa = PBXFileReference; lastKnownFileType = text.plist.xml; path = Info.plist; sourceTree = "<group>"; };
		2EE0BC101E7E889600D749BF /* DrinkMixer.plist */ = {isa = PBXFileReference; fileEncoding = 4; lastKnownFileType = text.plist.xml; path = DrinkMixer.plist; sourceTree = "<group>"; };
		2EE0BC121E7E89DD00D749BF /* DrinkDetailViewController.h */ = {isa = PBXFileReference; fileEncoding = 4; lastKnownFileType = sourcecode.c.h; path = DrinkDetailViewController.h; sourceTree = "<group>"; };
		2EE0BC131E7E89DD00D749BF /* DrinkDetailViewController.m */ = {isa = PBXFileReference; fileEncoding = 4; lastKnownFileType = sourcecode.c.objc; path = DrinkDetailViewController.m; sourceTree = "<group>"; };
		2EE0BC141E7E89DD00D749BF /* DrinkDetailViewController.xib */ = {isa = PBXFileReference; fileEncoding = 4; lastKnownFileType = file.xib; path = DrinkDetailViewController.xib; sourceTree = "<group>"; };
		2EE0BC171E7E9E4900D749BF /* DrinkConstants.h */ = {isa = PBXFileReference; fileEncoding = 4; lastKnownFileType = sourcecode.c.h; path = DrinkConstants.h; sourceTree = "<group>"; };
		2EE0BC181E7E9E4900D749BF /* DrinkConstants.m */ = {isa = PBXFileReference; fileEncoding = 4; lastKnownFileType = sourcecode.c.objc; path = DrinkConstants.m; sourceTree = "<group>"; };
/* End PBXFileReference section */

/* Begin PBXFrameworksBuildPhase section */
		2EE0BBF31E7E87C600D749BF /* Frameworks */ = {
			isa = PBXFrameworksBuildPhase;
			buildActionMask = 2147483647;
			files = (
			);
			runOnlyForDeploymentPostprocessing = 0;
		};
/* End PBXFrameworksBuildPhase section */

/* Begin PBXGroup section */
		2EE0BBED1E7E87C600D749BF = {
			isa = PBXGroup;
			children = (
				2EE0BBF81E7E87C700D749BF /* DrinkMixer */,
				2EE0BBF71E7E87C700D749BF /* Products */,
			);
			sourceTree = "<group>";
		};
		2EE0BBF71E7E87C700D749BF /* Products */ = {
			isa = PBXGroup;
			children = (
				2EE0BBF61E7E87C700D749BF /* DrinkMixer.app */,
			);
			name = Products;
			sourceTree = "<group>";
		};
		2EE0BBF81E7E87C700D749BF /* DrinkMixer */ = {
			isa = PBXGroup;
			children = (
				2EE0BBFC1E7E87C700D749BF /* AppDelegate.h */,
				2EE0BBFD1E7E87C700D749BF /* AppDelegate.m */,
				2EE0BBFF1E7E87C700D749BF /* ViewController.h */,
				2EE0BC001E7E87C700D749BF /* ViewController.m */,
				2EE0BC171E7E9E4900D749BF /* DrinkConstants.h */,
				2EE0BC181E7E9E4900D749BF /* DrinkConstants.m */,
				2EE0BC121E7E89DD00D749BF /* DrinkDetailViewController.h */,
				2EE0BC131E7E89DD00D749BF /* DrinkDetailViewController.m */,
				2EE0BC141E7E89DD00D749BF /* DrinkDetailViewController.xib */,
				2EE0BC101E7E889600D749BF /* DrinkMixer.plist */,
				2EE0BC021E7E87C700D749BF /* Main.storyboard */,
				2EE0BC051E7E87C700D749BF /* Assets.xcassets */,
				2EE0BC071E7E87C700D749BF /* LaunchScreen.storyboard */,
				2EE0BC0A1E7E87C700D749BF /* Info.plist */,
				2EE0BBF91E7E87C700D749BF /* Supporting Files */,
			);
			path = DrinkMixer;
			sourceTree = "<group>";
		};
		2EE0BBF91E7E87C700D749BF /* Supporting Files */ = {
			isa = PBXGroup;
			children = (
				2EE0BBFA1E7E87C700D749BF /* main.m */,
			);
			name = "Supporting Files";
			sourceTree = "<group>";
		};
/* End PBXGroup section */

/* Begin PBXNativeTarget section */
		2EE0BBF51E7E87C600D749BF /* DrinkMixer */ = {
			isa = PBXNativeTarget;
			buildConfigurationList = 2EE0BC0D1E7E87C700D749BF /* Build configuration list for PBXNativeTarget "DrinkMixer" */;
			buildPhases = (
				2EE0BBF21E7E87C600D749BF /* Sources */,
				2EE0BBF31E7E87C600D749BF /* Frameworks */,
				2EE0BBF41E7E87C600D749BF /* Resources */,
			);
			buildRules = (
			);
			dependencies = (
			);
			name = DrinkMixer;
			productName = DrinkMixer;
			productReference = 2EE0BBF61E7E87C700D749BF /* DrinkMixer.app */;
			productType = "com.apple.product-type.application";
		};
/* End PBXNativeTarget section */

/* Begin PBXProject section */
		2EE0BBEE1E7E87C600D749BF /* Project object */ = {
			isa = PBXProject;
			attributes = {
				LastUpgradeCheck = 0820;
				ORGANIZATIONNAME = Parkchanwoong;
				TargetAttributes = {
					2EE0BBF51E7E87C600D749BF = {
						CreatedOnToolsVersion = 8.2.1;
						ProvisioningStyle = Automatic;
					};
				};
			};
			buildConfigurationList = 2EE0BBF11E7E87C600D749BF /* Build configuration list for PBXProject "DrinkMixer" */;
			compatibilityVersion = "Xcode 3.2";
			developmentRegion = English;
			hasScannedForEncodings = 0;
			knownRegions = (
				en,
				Base,
			);
			mainGroup = 2EE0BBED1E7E87C600D749BF;
			productRefGroup = 2EE0BBF71E7E87C700D749BF /* Products */;
			projectDirPath = "";
			projectRoot = "";
			targets = (
				2EE0BBF51E7E87C600D749BF /* DrinkMixer */,
			);
		};
/* End PBXProject section */

/* Begin PBXResourcesBuildPhase section */
		2EE0BBF41E7E87C600D749BF /* Resources */ = {
			isa = PBXResourcesBuildPhase;
			buildActionMask = 2147483647;
			files = (
				2EE0BC091E7E87C700D749BF /* LaunchScreen.storyboard in Resources */,
				2EE0BC061E7E87C700D749BF /* Assets.xcassets in Resources */,
				2EE0BC041E7E87C700D749BF /* Main.storyboard in Resources */,
				2EE0BC111E7E889600D749BF /* DrinkMixer.plist in Resources */,
				2EE0BC161E7E89DD00D749BF /* DrinkDetailViewController.xib in Resources */,
			);
			runOnlyForDeploymentPostprocessing = 0;
		};
/* End PBXResourcesBuildPhase section */

/* Begin PBXSourcesBuildPhase section */
		2EE0BBF21E7E87C600D749BF /* Sources */ = {
			isa = PBXSourcesBuildPhase;
			buildActionMask = 2147483647;
			files = (
				2EE0BC191E7E9E4900D749BF /* DrinkConstants.m in Sources */,
				2EE0BC151E7E89DD00D749BF /* DrinkDetailViewController.m in Sources */,
				2EE0BC011E7E87C700D749BF /* ViewController.m in Sources */,
				2EE0BBFE1E7E87C700D749BF /* AppDelegate.m in Sources */,
				2EE0BBFB1E7E87C700D749BF /* main.m in Sources */,
			);
			runOnlyForDeploymentPostprocessing = 0;
		};
/* End PBXSourcesBuildPhase section */

/* Begin PBXVariantGroup section */
		2EE0BC021E7E87C700D749BF /* Main.storyboard */ = {
			isa = PBXVariantGroup;
			children = (
				2EE0BC031E7E87C700D749BF /* Base */,
			);
			name = Main.storyboard;
			sourceTree = "<group>";
		};
		2EE0BC071E7E87C700D749BF /* LaunchScreen.storyboard */ = {
			isa = PBXVariantGroup;
			children = (
				2EE0BC081E7E87C700D749BF /* Base */,
			);
			name = LaunchScreen.storyboard;
			sourceTree = "<group>";
		};
/* End PBXVariantGroup section */

/* Begin XCBuildConfiguration section */
		2EE0BC0B1E7E87C700D749BF /* Debug */ = {
			isa = XCBuildConfiguration;
			buildSettings = {
				ALWAYS_SEARCH_USER_PATHS = NO;
				CLANG_ANALYZER_NONNULL = YES;
				CLANG_CXX_LANGUAGE_STANDARD = "gnu++0x";
				CLANG_CXX_LIBRARY = "libc++";
				CLANG_ENABLE_MODULES = YES;
				CLANG_ENABLE_OBJC_ARC = YES;
				CLANG_WARN_BOOL_CONVERSION = YES;
				CLANG_WARN_CONSTANT_CONVERSION = YES;
				CLANG_WARN_DIRECT_OBJC_ISA_USAGE = YES_ERROR;
				CLANG_WARN_DOCUMENTATION_COMMENTS = YES;
				CLANG_WARN_EMPTY_BODY = YES;
				CLANG_WARN_ENUM_CONVERSION = YES;
				CLANG_WARN_INFINITE_RECURSION = YES;
				CLANG_WARN_INT_CONVERSION = YES;
				CLANG_WARN_OBJC_ROOT_CLASS = YES_ERROR;
				CLANG_WARN_SUSPICIOUS_MOVE = YES;
				CLANG_WARN_UNREACHABLE_CODE = YES;
				CLANG_WARN__DUPLICATE_METHOD_MATCH = YES;
				"CODE_SIGN_IDENTITY[sdk=iphoneos*]" = "iPhone Developer";
				COPY_PHASE_STRIP = NO;
				DEBUG_INFORMATION_FORMAT = dwarf;
				ENABLE_STRICT_OBJC_MSGSEND = YES;
				ENABLE_TESTABILITY = YES;
				GCC_C_LANGUAGE_STANDARD = gnu99;
				GCC_DYNAMIC_NO_PIC = NO;
				GCC_NO_COMMON_BLOCKS = YES;
				GCC_OPTIMIZATION_LEVEL = 0;
				GCC_PREPROCESSOR_DEFINITIONS = (
					"DEBUG=1",
					"$(inherited)",
				);
				GCC_WARN_64_TO_32_BIT_CONVERSION = YES;
				GCC_WARN_ABOUT_RETURN_TYPE = YES_ERROR;
				GCC_WARN_UNDECLARED_SELECTOR = YES;
				GCC_WARN_UNINITIALIZED_AUTOS = YES_AGGRESSIVE;
				GCC_WARN_UNUSED_FUNCTION = YES;
				GCC_WARN_UNUSED_VARIABLE = YES;
				IPHONEOS_DEPLOYMENT_TARGET = 10.2;
				MTL_ENABLE_DEBUG_INFO = YES;
				ONLY_ACTIVE_ARCH = YES;
				SDKROOT = iphoneos;
			};
			name = Debug;
		};
		2EE0BC0C1E7E87C700D749BF /* Release */ = {
			isa = XCBuildConfiguration;
			buildSettings = {
				ALWAYS_SEARCH_USER_PATHS = NO;
				CLANG_ANALYZER_NONNULL = YES;
				CLANG_CXX_LANGUAGE_STANDARD = "gnu++0x";
				CLANG_CXX_LIBRARY = "libc++";
				CLANG_ENABLE_MODULES = YES;
				CLANG_ENABLE_OBJC_ARC = YES;
				CLANG_WARN_BOOL_CONVERSION = YES;
				CLANG_WARN_CONSTANT_CONVERSION = YES;
				CLANG_WARN_DIRECT_OBJC_ISA_USAGE = YES_ERROR;
				CLANG_WARN_DOCUMENTATION_COMMENTS = YES;
				CLANG_WARN_EMPTY_BODY = YES;
				CLANG_WARN_ENUM_CONVERSION = YES;
				CLANG_WARN_INFINITE_RECURSION = YES;
				CLANG_WARN_INT_CONVERSION = YES;
				CLANG_WARN_OBJC_ROOT_CLASS = YES_ERROR;
				CLANG_WARN_SUSPICIOUS_MOVE = YES;
				CLANG_WARN_UNREACHABLE_CODE = YES;
				CLANG_WARN__DUPLICATE_METHOD_MATCH = YES;
				"CODE_SIGN_IDENTITY[sdk=iphoneos*]" = "iPhone Developer";
				COPY_PHASE_STRIP = NO;
				DEBUG_INFORMATION_FORMAT = "dwarf-with-dsym";
				ENABLE_NS_ASSERTIONS = NO;
				ENABLE_STRICT_OBJC_MSGSEND = YES;
				GCC_C_LANGUAGE_STANDARD = gnu99;
				GCC_NO_COMMON_BLOCKS = YES;
				GCC_WARN_64_TO_32_BIT_CONVERSION = YES;
				GCC_WARN_ABOUT_RETURN_TYPE = YES_ERROR;
				GCC_WARN_UNDECLARED_SELECTOR = YES;
				GCC_WARN_UNINITIALIZED_AUTOS = YES_AGGRESSIVE;
				GCC_WARN_UNUSED_FUNCTION = YES;
				GCC_WARN_UNUSED_VARIABLE = YES;
				IPHONEOS_DEPLOYMENT_TARGET = 10.2;
				MTL_ENABLE_DEBUG_INFO = NO;
				SDKROOT = iphoneos;
				VALIDATE_PRODUCT = YES;
			};
			name = Release;
		};
		2EE0BC0E1E7E87C700D749BF /* Debug */ = {
			isa = XCBuildConfiguration;
			buildSettings = {
				ASSETCATALOG_COMPILER_APPICON_NAME = AppIcon;
				INFOPLIST_FILE = DrinkMixer/Info.plist;
				LD_RUNPATH_SEARCH_PATHS = "$(inherited) @executable_path/Frameworks";
				PRODUCT_BUNDLE_IDENTIFIER = chanwoong.DrinkMixer;
				PRODUCT_NAME = "$(TARGET_NAME)";
			};
			name = Debug;
		};
		2EE0BC0F1E7E87C700D749BF /* Release */ = {
			isa = XCBuildConfiguration;
			buildSettings = {
				ASSETCATALOG_COMPILER_APPICON_NAME = AppIcon;
				INFOPLIST_FILE = DrinkMixer/Info.plist;
				LD_RUNPATH_SEARCH_PATHS = "$(inherited) @executable_path/Frameworks";
				PRODUCT_BUNDLE_IDENTIFIER = chanwoong.DrinkMixer;
				PRODUCT_NAME = "$(TARGET_NAME)";
			};
			name = Release;
		};
/* End XCBuildConfiguration section */

/* Begin XCConfigurationList section */
		2EE0BBF11E7E87C600D749BF /* Build configuration list for PBXProject "DrinkMixer" */ = {
			isa = XCConfigurationList;
			buildConfigurations = (
				2EE0BC0B1E7E87C700D749BF /* Debug */,
				2EE0BC0C1E7E87C700D749BF /* Release */,
			);
			defaultConfigurationIsVisible = 0;
			defaultConfigurationName = Release;
		};
		2EE0BC0D1E7E87C700D749BF /* Build configuration list for PBXNativeTarget "DrinkMixer" */ = {
			isa = XCConfigurationList;
			buildConfigurations = (
				2EE0BC0E1E7E87C700D749BF /* Debug */,
				2EE0BC0F1E7E87C700D749BF /* Release */,
			);
			defaultConfigurationIsVisible = 0;
		};
/* End XCConfigurationList section */
	};
	rootObject = 2EE0BBEE1E7E87C600D749BF /* Project object */;
}
