// !$*UTF8*$!
{
	archiveVersion = 1;
	classes = {
	};
	objectVersion = 46;
	objects = {

/* Begin PBXBuildFile section */
		2E31633B1E5BD83900F9C9CB /* main.m in Sources */ = {isa = PBXBuildFile; fileRef = 2E31633A1E5BD83900F9C9CB /* main.m */; };
		2E31633E1E5BD83900F9C9CB /* AppDelegate.m in Sources */ = {isa = PBXBuildFile; fileRef = 2E31633D1E5BD83900F9C9CB /* AppDelegate.m */; };
		2E3163411E5BD83900F9C9CB /* ViewController.m in Sources */ = {isa = PBXBuildFile; fileRef = 2E3163401E5BD83900F9C9CB /* ViewController.m */; };
		2E3163441E5BD83900F9C9CB /* Main.storyboard in Resources */ = {isa = PBXBuildFile; fileRef = 2E3163421E5BD83900F9C9CB /* Main.storyboard */; };
		2E3163461E5BD83900F9C9CB /* Assets.xcassets in Resources */ = {isa = PBXBuildFile; fileRef = 2E3163451E5BD83900F9C9CB /* Assets.xcassets */; };
		2E3163491E5BD83900F9C9CB /* LaunchScreen.storyboard in Resources */ = {isa = PBXBuildFile; fileRef = 2E3163471E5BD83900F9C9CB /* LaunchScreen.storyboard */; };
		2E3163511E5C103A00F9C9CB /* back.png in Resources */ = {isa = PBXBuildFile; fileRef = 2E3163501E5C103A00F9C9CB /* back.png */; };
		2E3163531E5C114300F9C9CB /* back.jpg in Resources */ = {isa = PBXBuildFile; fileRef = 2E3163521E5C114300F9C9CB /* back.jpg */; };
		2E3163551E5C114600F9C9CB /* front.png in Resources */ = {isa = PBXBuildFile; fileRef = 2E3163541E5C114600F9C9CB /* front.png */; };
		2E3163581E5C121500F9C9CB /* SecondViewController.m in Sources */ = {isa = PBXBuildFile; fileRef = 2E3163571E5C121500F9C9CB /* SecondViewController.m */; };
		2E31635C1E5C18E600F9C9CB /* ThirdViewController.m in Sources */ = {isa = PBXBuildFile; fileRef = 2E31635A1E5C18E600F9C9CB /* ThirdViewController.m */; };
		2E31635D1E5C18E600F9C9CB /* ThirdViewController.xib in Resources */ = {isa = PBXBuildFile; fileRef = 2E31635B1E5C18E600F9C9CB /* ThirdViewController.xib */; };
		2EB985A91E5C2FCD00C6D9CF /* 1.png in Resources */ = {isa = PBXBuildFile; fileRef = 2EB985A51E5C2FCD00C6D9CF /* 1.png */; };
		2EB985AA1E5C2FCD00C6D9CF /* 2.png in Resources */ = {isa = PBXBuildFile; fileRef = 2EB985A61E5C2FCD00C6D9CF /* 2.png */; };
		2EB985AC1E5C2FCD00C6D9CF /* 4.jpg in Resources */ = {isa = PBXBuildFile; fileRef = 2EB985A81E5C2FCD00C6D9CF /* 4.jpg */; };
		2EB985AE1E5C311000C6D9CF /* 3.jpg in Resources */ = {isa = PBXBuildFile; fileRef = 2EB985AD1E5C311000C6D9CF /* 3.jpg */; };
/* End PBXBuildFile section */

/* Begin PBXFileReference section */
		2E3163361E5BD83900F9C9CB /* Practice0221.app */ = {isa = PBXFileReference; explicitFileType = wrapper.application; includeInIndex = 0; path = Practice0221.app; sourceTree = BUILT_PRODUCTS_DIR; };
		2E31633A1E5BD83900F9C9CB /* main.m */ = {isa = PBXFileReference; lastKnownFileType = sourcecode.c.objc; path = main.m; sourceTree = "<group>"; };
		2E31633C1E5BD83900F9C9CB /* AppDelegate.h */ = {isa = PBXFileReference; lastKnownFileType = sourcecode.c.h; path = AppDelegate.h; sourceTree = "<group>"; };
		2E31633D1E5BD83900F9C9CB /* AppDelegate.m */ = {isa = PBXFileReference; lastKnownFileType = sourcecode.c.objc; path = AppDelegate.m; sourceTree = "<group>"; };
		2E31633F1E5BD83900F9C9CB /* ViewController.h */ = {isa = PBXFileReference; lastKnownFileType = sourcecode.c.h; path = ViewController.h; sourceTree = "<group>"; };
		2E3163401E5BD83900F9C9CB /* ViewController.m */ = {isa = PBXFileReference; lastKnownFileType = sourcecode.c.objc; path = ViewController.m; sourceTree = "<group>"; };
		2E3163431E5BD83900F9C9CB /* Base */ = {isa = PBXFileReference; lastKnownFileType = file.storyboard; name = Base; path = Base.lproj/Main.storyboard; sourceTree = "<group>"; };
		2E3163451E5BD83900F9C9CB /* Assets.xcassets */ = {isa = PBXFileReference; lastKnownFileType = folder.assetcatalog; path = Assets.xcassets; sourceTree = "<group>"; };
		2E3163481E5BD83900F9C9CB /* Base */ = {isa = PBXFileReference; lastKnownFileType = file.storyboard; name = Base; path = Base.lproj/LaunchScreen.storyboard; sourceTree = "<group>"; };
		2E31634A1E5BD83900F9C9CB /* Info.plist */ = {isa = PBXFileReference; lastKnownFileType = text.plist.xml; path = Info.plist; sourceTree = "<group>"; };
		2E3163501E5C103A00F9C9CB /* back.png */ = {isa = PBXFileReference; lastKnownFileType = image.png; path = back.png; sourceTree = "<group>"; };
		2E3163521E5C114300F9C9CB /* back.jpg */ = {isa = PBXFileReference; lastKnownFileType = image.jpeg; path = back.jpg; sourceTree = "<group>"; };
		2E3163541E5C114600F9C9CB /* front.png */ = {isa = PBXFileReference; lastKnownFileType = image.png; path = front.png; sourceTree = "<group>"; };
		2E3163561E5C121500F9C9CB /* SecondViewController.h */ = {isa = PBXFileReference; fileEncoding = 4; lastKnownFileType = sourcecode.c.h; path = SecondViewController.h; sourceTree = "<group>"; };
		2E3163571E5C121500F9C9CB /* SecondViewController.m */ = {isa = PBXFileReference; fileEncoding = 4; lastKnownFileType = sourcecode.c.objc; path = SecondViewController.m; sourceTree = "<group>"; };
		2E3163591E5C18E600F9C9CB /* ThirdViewController.h */ = {isa = PBXFileReference; fileEncoding = 4; lastKnownFileType = sourcecode.c.h; path = ThirdViewController.h; sourceTree = "<group>"; };
		2E31635A1E5C18E600F9C9CB /* ThirdViewController.m */ = {isa = PBXFileReference; fileEncoding = 4; lastKnownFileType = sourcecode.c.objc; path = ThirdViewController.m; sourceTree = "<group>"; };
		2E31635B1E5C18E600F9C9CB /* ThirdViewController.xib */ = {isa = PBXFileReference; fileEncoding = 4; lastKnownFileType = file.xib; path = ThirdViewController.xib; sourceTree = "<group>"; };
		2EB985A51E5C2FCD00C6D9CF /* 1.png */ = {isa = PBXFileReference; lastKnownFileType = image.png; path = 1.png; sourceTree = "<group>"; };
		2EB985A61E5C2FCD00C6D9CF /* 2.png */ = {isa = PBXFileReference; lastKnownFileType = image.png; path = 2.png; sourceTree = "<group>"; };
		2EB985A81E5C2FCD00C6D9CF /* 4.jpg */ = {isa = PBXFileReference; lastKnownFileType = image.jpeg; path = 4.jpg; sourceTree = "<group>"; };
		2EB985AD1E5C311000C6D9CF /* 3.jpg */ = {isa = PBXFileReference; lastKnownFileType = image.jpeg; path = 3.jpg; sourceTree = "<group>"; };
/* End PBXFileReference section */

/* Begin PBXFrameworksBuildPhase section */
		2E3163331E5BD83900F9C9CB /* Frameworks */ = {
			isa = PBXFrameworksBuildPhase;
			buildActionMask = 2147483647;
			files = (
			);
			runOnlyForDeploymentPostprocessing = 0;
		};
/* End PBXFrameworksBuildPhase section */

/* Begin PBXGroup section */
		2E31632D1E5BD83900F9C9CB = {
			isa = PBXGroup;
			children = (
				2E3163381E5BD83900F9C9CB /* Practice0221 */,
				2E3163371E5BD83900F9C9CB /* Products */,
			);
			sourceTree = "<group>";
		};
		2E3163371E5BD83900F9C9CB /* Products */ = {
			isa = PBXGroup;
			children = (
				2E3163361E5BD83900F9C9CB /* Practice0221.app */,
			);
			name = Products;
			sourceTree = "<group>";
		};
		2E3163381E5BD83900F9C9CB /* Practice0221 */ = {
			isa = PBXGroup;
			children = (
				2E31633C1E5BD83900F9C9CB /* AppDelegate.h */,
				2E31633D1E5BD83900F9C9CB /* AppDelegate.m */,
				2E31633F1E5BD83900F9C9CB /* ViewController.h */,
				2E3163401E5BD83900F9C9CB /* ViewController.m */,
				2E3163561E5C121500F9C9CB /* SecondViewController.h */,
				2E3163571E5C121500F9C9CB /* SecondViewController.m */,
				2E3163591E5C18E600F9C9CB /* ThirdViewController.h */,
				2E31635A1E5C18E600F9C9CB /* ThirdViewController.m */,
				2E31635B1E5C18E600F9C9CB /* ThirdViewController.xib */,
				2E3163421E5BD83900F9C9CB /* Main.storyboard */,
				2E3163451E5BD83900F9C9CB /* Assets.xcassets */,
				2E3163471E5BD83900F9C9CB /* LaunchScreen.storyboard */,
				2EB985A51E5C2FCD00C6D9CF /* 1.png */,
				2EB985A61E5C2FCD00C6D9CF /* 2.png */,
				2EB985AD1E5C311000C6D9CF /* 3.jpg */,
				2EB985A81E5C2FCD00C6D9CF /* 4.jpg */,
				2E31634A1E5BD83900F9C9CB /* Info.plist */,
				2E3163541E5C114600F9C9CB /* front.png */,
				2E3163501E5C103A00F9C9CB /* back.png */,
				2E3163521E5C114300F9C9CB /* back.jpg */,
				2E3163391E5BD83900F9C9CB /* Supporting Files */,
			);
			path = Practice0221;
			sourceTree = "<group>";
		};
		2E3163391E5BD83900F9C9CB /* Supporting Files */ = {
			isa = PBXGroup;
			children = (
				2E31633A1E5BD83900F9C9CB /* main.m */,
			);
			name = "Supporting Files";
			sourceTree = "<group>";
		};
/* End PBXGroup section */

/* Begin PBXNativeTarget section */
		2E3163351E5BD83900F9C9CB /* Practice0221 */ = {
			isa = PBXNativeTarget;
			buildConfigurationList = 2E31634D1E5BD83900F9C9CB /* Build configuration list for PBXNativeTarget "Practice0221" */;
			buildPhases = (
				2E3163321E5BD83900F9C9CB /* Sources */,
				2E3163331E5BD83900F9C9CB /* Frameworks */,
				2E3163341E5BD83900F9C9CB /* Resources */,
			);
			buildRules = (
			);
			dependencies = (
			);
			name = Practice0221;
			productName = Practice0221;
			productReference = 2E3163361E5BD83900F9C9CB /* Practice0221.app */;
			productType = "com.apple.product-type.application";
		};
/* End PBXNativeTarget section */

/* Begin PBXProject section */
		2E31632E1E5BD83900F9C9CB /* Project object */ = {
			isa = PBXProject;
			attributes = {
				LastUpgradeCheck = 0820;
				ORGANIZATIONNAME = Parkchanwoong;
				TargetAttributes = {
					2E3163351E5BD83900F9C9CB = {
						CreatedOnToolsVersion = 8.2.1;
						ProvisioningStyle = Automatic;
					};
				};
			};
			buildConfigurationList = 2E3163311E5BD83900F9C9CB /* Build configuration list for PBXProject "Practice0221" */;
			compatibilityVersion = "Xcode 3.2";
			developmentRegion = English;
			hasScannedForEncodings = 0;
			knownRegions = (
				en,
				Base,
			);
			mainGroup = 2E31632D1E5BD83900F9C9CB;
			productRefGroup = 2E3163371E5BD83900F9C9CB /* Products */;
			projectDirPath = "";
			projectRoot = "";
			targets = (
				2E3163351E5BD83900F9C9CB /* Practice0221 */,
			);
		};
/* End PBXProject section */

/* Begin PBXResourcesBuildPhase section */
		2E3163341E5BD83900F9C9CB /* Resources */ = {
			isa = PBXResourcesBuildPhase;
			buildActionMask = 2147483647;
			files = (
				2EB985AE1E5C311000C6D9CF /* 3.jpg in Resources */,
				2EB985AC1E5C2FCD00C6D9CF /* 4.jpg in Resources */,
				2E31635D1E5C18E600F9C9CB /* ThirdViewController.xib in Resources */,
				2EB985A91E5C2FCD00C6D9CF /* 1.png in Resources */,
				2E3163511E5C103A00F9C9CB /* back.png in Resources */,
				2E3163531E5C114300F9C9CB /* back.jpg in Resources */,
				2E3163491E5BD83900F9C9CB /* LaunchScreen.storyboard in Resources */,
				2E3163461E5BD83900F9C9CB /* Assets.xcassets in Resources */,
				2EB985AA1E5C2FCD00C6D9CF /* 2.png in Resources */,
				2E3163441E5BD83900F9C9CB /* Main.storyboard in Resources */,
				2E3163551E5C114600F9C9CB /* front.png in Resources */,
			);
			runOnlyForDeploymentPostprocessing = 0;
		};
/* End PBXResourcesBuildPhase section */

/* Begin PBXSourcesBuildPhase section */
		2E3163321E5BD83900F9C9CB /* Sources */ = {
			isa = PBXSourcesBuildPhase;
			buildActionMask = 2147483647;
			files = (
				2E3163581E5C121500F9C9CB /* SecondViewController.m in Sources */,
				2E31635C1E5C18E600F9C9CB /* ThirdViewController.m in Sources */,
				2E3163411E5BD83900F9C9CB /* ViewController.m in Sources */,
				2E31633E1E5BD83900F9C9CB /* AppDelegate.m in Sources */,
				2E31633B1E5BD83900F9C9CB /* main.m in Sources */,
			);
			runOnlyForDeploymentPostprocessing = 0;
		};
/* End PBXSourcesBuildPhase section */

/* Begin PBXVariantGroup section */
		2E3163421E5BD83900F9C9CB /* Main.storyboard */ = {
			isa = PBXVariantGroup;
			children = (
				2E3163431E5BD83900F9C9CB /* Base */,
			);
			name = Main.storyboard;
			sourceTree = "<group>";
		};
		2E3163471E5BD83900F9C9CB /* LaunchScreen.storyboard */ = {
			isa = PBXVariantGroup;
			children = (
				2E3163481E5BD83900F9C9CB /* Base */,
			);
			name = LaunchScreen.storyboard;
			sourceTree = "<group>";
		};
/* End PBXVariantGroup section */

/* Begin XCBuildConfiguration section */
		2E31634B1E5BD83900F9C9CB /* Debug */ = {
			isa = XCBuildConfiguration;
			buildSettings = {
				ALWAYS_SEARCH_USER_PATHS = NO;
				CLANG_ANALYZER_NONNULL = YES;
				CLANG_CXX_LANGUAGE_STANDARD = "gnu++0x";
				CLANG_CXX_LIBRARY = "libc++";
				CLANG_ENABLE_MODULES = YES;
				CLANG_ENABLE_OBJC_ARC = YES;
				CLANG_WARN_BOOL_CONVERSION = YES;
				CLANG_WARN_CONSTANT_CONVERSION = YES;
				CLANG_WARN_DIRECT_OBJC_ISA_USAGE = YES_ERROR;
				CLANG_WARN_DOCUMENTATION_COMMENTS = YES;
				CLANG_WARN_EMPTY_BODY = YES;
				CLANG_WARN_ENUM_CONVERSION = YES;
				CLANG_WARN_INFINITE_RECURSION = YES;
				CLANG_WARN_INT_CONVERSION = YES;
				CLANG_WARN_OBJC_ROOT_CLASS = YES_ERROR;
				CLANG_WARN_SUSPICIOUS_MOVE = YES;
				CLANG_WARN_UNREACHABLE_CODE = YES;
				CLANG_WARN__DUPLICATE_METHOD_MATCH = YES;
				"CODE_SIGN_IDENTITY[sdk=iphoneos*]" = "iPhone Developer";
				COPY_PHASE_STRIP = NO;
				DEBUG_INFORMATION_FORMAT = dwarf;
				ENABLE_STRICT_OBJC_MSGSEND = YES;
				ENABLE_TESTABILITY = YES;
				GCC_C_LANGUAGE_STANDARD = gnu99;
				GCC_DYNAMIC_NO_PIC = NO;
				GCC_NO_COMMON_BLOCKS = YES;
				GCC_OPTIMIZATION_LEVEL = 0;
				GCC_PREPROCESSOR_DEFINITIONS = (
					"DEBUG=1",
					"$(inherited)",
				);
				GCC_WARN_64_TO_32_BIT_CONVERSION = YES;
				GCC_WARN_ABOUT_RETURN_TYPE = YES_ERROR;
				GCC_WARN_UNDECLARED_SELECTOR = YES;
				GCC_WARN_UNINITIALIZED_AUTOS = YES_AGGRESSIVE;
				GCC_WARN_UNUSED_FUNCTION = YES;
				GCC_WARN_UNUSED_VARIABLE = YES;
				IPHONEOS_DEPLOYMENT_TARGET = 10.2;
				MTL_ENABLE_DEBUG_INFO = YES;
				ONLY_ACTIVE_ARCH = YES;
				SDKROOT = iphoneos;
			};
			name = Debug;
		};
		2E31634C1E5BD83900F9C9CB /* Release */ = {
			isa = XCBuildConfiguration;
			buildSettings = {
				ALWAYS_SEARCH_USER_PATHS = NO;
				CLANG_ANALYZER_NONNULL = YES;
				CLANG_CXX_LANGUAGE_STANDARD = "gnu++0x";
				CLANG_CXX_LIBRARY = "libc++";
				CLANG_ENABLE_MODULES = YES;
				CLANG_ENABLE_OBJC_ARC = YES;
				CLANG_WARN_BOOL_CONVERSION = YES;
				CLANG_WARN_CONSTANT_CONVERSION = YES;
				CLANG_WARN_DIRECT_OBJC_ISA_USAGE = YES_ERROR;
				CLANG_WARN_DOCUMENTATION_COMMENTS = YES;
				CLANG_WARN_EMPTY_BODY = YES;
				CLANG_WARN_ENUM_CONVERSION = YES;
				CLANG_WARN_INFINITE_RECURSION = YES;
				CLANG_WARN_INT_CONVERSION = YES;
				CLANG_WARN_OBJC_ROOT_CLASS = YES_ERROR;
				CLANG_WARN_SUSPICIOUS_MOVE = YES;
				CLANG_WARN_UNREACHABLE_CODE = YES;
				CLANG_WARN__DUPLICATE_METHOD_MATCH = YES;
				"CODE_SIGN_IDENTITY[sdk=iphoneos*]" = "iPhone Developer";
				COPY_PHASE_STRIP = NO;
				DEBUG_INFORMATION_FORMAT = "dwarf-with-dsym";
				ENABLE_NS_ASSERTIONS = NO;
				ENABLE_STRICT_OBJC_MSGSEND = YES;
				GCC_C_LANGUAGE_STANDARD = gnu99;
				GCC_NO_COMMON_BLOCKS = YES;
				GCC_WARN_64_TO_32_BIT_CONVERSION = YES;
				GCC_WARN_ABOUT_RETURN_TYPE = YES_ERROR;
				GCC_WARN_UNDECLARED_SELECTOR = YES;
				GCC_WARN_UNINITIALIZED_AUTOS = YES_AGGRESSIVE;
				GCC_WARN_UNUSED_FUNCTION = YES;
				GCC_WARN_UNUSED_VARIABLE = YES;
				IPHONEOS_DEPLOYMENT_TARGET = 10.2;
				MTL_ENABLE_DEBUG_INFO = NO;
				SDKROOT = iphoneos;
				VALIDATE_PRODUCT = YES;
			};
			name = Release;
		};
		2E31634E1E5BD83900F9C9CB /* Debug */ = {
			isa = XCBuildConfiguration;
			buildSettings = {
				ASSETCATALOG_COMPILER_APPICON_NAME = AppIcon;
				INFOPLIST_FILE = Practice0221/Info.plist;
				LD_RUNPATH_SEARCH_PATHS = "$(inherited) @executable_path/Frameworks";
				PRODUCT_BUNDLE_IDENTIFIER = chanwoong.Practice0221;
				PRODUCT_NAME = "$(TARGET_NAME)";
			};
			name = Debug;
		};
		2E31634F1E5BD83900F9C9CB /* Release */ = {
			isa = XCBuildConfiguration;
			buildSettings = {
				ASSETCATALOG_COMPILER_APPICON_NAME = AppIcon;
				INFOPLIST_FILE = Practice0221/Info.plist;
				LD_RUNPATH_SEARCH_PATHS = "$(inherited) @executable_path/Frameworks";
				PRODUCT_BUNDLE_IDENTIFIER = chanwoong.Practice0221;
				PRODUCT_NAME = "$(TARGET_NAME)";
			};
			name = Release;
		};
/* End XCBuildConfiguration section */

/* Begin XCConfigurationList section */
		2E3163311E5BD83900F9C9CB /* Build configuration list for PBXProject "Practice0221" */ = {
			isa = XCConfigurationList;
			buildConfigurations = (
				2E31634B1E5BD83900F9C9CB /* Debug */,
				2E31634C1E5BD83900F9C9CB /* Release */,
			);
			defaultConfigurationIsVisible = 0;
			defaultConfigurationName = Release;
		};
		2E31634D1E5BD83900F9C9CB /* Build configuration list for PBXNativeTarget "Practice0221" */ = {
			isa = XCConfigurationList;
			buildConfigurations = (
				2E31634E1E5BD83900F9C9CB /* Debug */,
				2E31634F1E5BD83900F9C9CB /* Release */,
			);
			defaultConfigurationIsVisible = 0;
			defaultConfigurationName = Release;
		};
/* End XCConfigurationList section */
	};
	rootObject = 2E31632E1E5BD83900F9C9CB /* Project object */;
}
