// !$*UTF8*$!
{
	archiveVersion = 1;
	classes = {
	};
	objectVersion = 46;
	objects = {

/* Begin PBXBuildFile section */
		2EE408F61E2DE5C7007C54B1 /* main.m in Sources */ = {isa = PBXBuildFile; fileRef = 2EE408F51E2DE5C7007C54B1 /* main.m */; };
		2EE408FE1E2DE5E1007C54B1 /* Person.m in Sources */ = {isa = PBXBuildFile; fileRef = 2EE408FD1E2DE5E1007C54B1 /* Person.m */; };
		2EE409011E2DE6C6007C54B1 /* Warrior.m in Sources */ = {isa = PBXBuildFile; fileRef = 2EE409001E2DE6C6007C54B1 /* Warrior.m */; };
		2EE409041E2DE828007C54B1 /* Wizard.m in Sources */ = {isa = PBXBuildFile; fileRef = 2EE409031E2DE828007C54B1 /* Wizard.m */; };
/* End PBXBuildFile section */

/* Begin PBXCopyFilesBuildPhase section */
		2EE408F01E2DE5C7007C54B1 /* CopyFiles */ = {
			isa = PBXCopyFilesBuildPhase;
			buildActionMask = 2147483647;
			dstPath = /usr/share/man/man1/;
			dstSubfolderSpec = 0;
			files = (
			);
			runOnlyForDeploymentPostprocessing = 1;
		};
/* End PBXCopyFilesBuildPhase section */

/* Begin PBXFileReference section */
		2EE408F21E2DE5C7007C54B1 /* Gamejob */ = {isa = PBXFileReference; explicitFileType = "compiled.mach-o.executable"; includeInIndex = 0; path = Gamejob; sourceTree = BUILT_PRODUCTS_DIR; };
		2EE408F51E2DE5C7007C54B1 /* main.m */ = {isa = PBXFileReference; lastKnownFileType = sourcecode.c.objc; path = main.m; sourceTree = "<group>"; };
		2EE408FC1E2DE5E1007C54B1 /* Person.h */ = {isa = PBXFileReference; fileEncoding = 4; lastKnownFileType = sourcecode.c.h; path = Person.h; sourceTree = "<group>"; };
		2EE408FD1E2DE5E1007C54B1 /* Person.m */ = {isa = PBXFileReference; fileEncoding = 4; lastKnownFileType = sourcecode.c.objc; path = Person.m; sourceTree = "<group>"; };
		2EE408FF1E2DE6C6007C54B1 /* Warrior.h */ = {isa = PBXFileReference; fileEncoding = 4; lastKnownFileType = sourcecode.c.h; path = Warrior.h; sourceTree = "<group>"; };
		2EE409001E2DE6C6007C54B1 /* Warrior.m */ = {isa = PBXFileReference; fileEncoding = 4; lastKnownFileType = sourcecode.c.objc; path = Warrior.m; sourceTree = "<group>"; };
		2EE409021E2DE828007C54B1 /* Wizard.h */ = {isa = PBXFileReference; fileEncoding = 4; lastKnownFileType = sourcecode.c.h; path = Wizard.h; sourceTree = "<group>"; };
		2EE409031E2DE828007C54B1 /* Wizard.m */ = {isa = PBXFileReference; fileEncoding = 4; lastKnownFileType = sourcecode.c.objc; path = Wizard.m; sourceTree = "<group>"; };
/* End PBXFileReference section */

/* Begin PBXFrameworksBuildPhase section */
		2EE408EF1E2DE5C7007C54B1 /* Frameworks */ = {
			isa = PBXFrameworksBuildPhase;
			buildActionMask = 2147483647;
			files = (
			);
			runOnlyForDeploymentPostprocessing = 0;
		};
/* End PBXFrameworksBuildPhase section */

/* Begin PBXGroup section */
		2EE408E91E2DE5C7007C54B1 = {
			isa = PBXGroup;
			children = (
				2EE408F41E2DE5C7007C54B1 /* Gamejob */,
				2EE408F31E2DE5C7007C54B1 /* Products */,
			);
			sourceTree = "<group>";
		};
		2EE408F31E2DE5C7007C54B1 /* Products */ = {
			isa = PBXGroup;
			children = (
				2EE408F21E2DE5C7007C54B1 /* Gamejob */,
			);
			name = Products;
			sourceTree = "<group>";
		};
		2EE408F41E2DE5C7007C54B1 /* Gamejob */ = {
			isa = PBXGroup;
			children = (
				2EE408F51E2DE5C7007C54B1 /* main.m */,
				2EE408FC1E2DE5E1007C54B1 /* Person.h */,
				2EE408FD1E2DE5E1007C54B1 /* Person.m */,
				2EE408FF1E2DE6C6007C54B1 /* Warrior.h */,
				2EE409001E2DE6C6007C54B1 /* Warrior.m */,
				2EE409021E2DE828007C54B1 /* Wizard.h */,
				2EE409031E2DE828007C54B1 /* Wizard.m */,
			);
			path = Gamejob;
			sourceTree = "<group>";
		};
/* End PBXGroup section */

/* Begin PBXNativeTarget section */
		2EE408F11E2DE5C7007C54B1 /* Gamejob */ = {
			isa = PBXNativeTarget;
			buildConfigurationList = 2EE408F91E2DE5C7007C54B1 /* Build configuration list for PBXNativeTarget "Gamejob" */;
			buildPhases = (
				2EE408EE1E2DE5C7007C54B1 /* Sources */,
				2EE408EF1E2DE5C7007C54B1 /* Frameworks */,
				2EE408F01E2DE5C7007C54B1 /* CopyFiles */,
			);
			buildRules = (
			);
			dependencies = (
			);
			name = Gamejob;
			productName = Gamejob;
			productReference = 2EE408F21E2DE5C7007C54B1 /* Gamejob */;
			productType = "com.apple.product-type.tool";
		};
/* End PBXNativeTarget section */

/* Begin PBXProject section */
		2EE408EA1E2DE5C7007C54B1 /* Project object */ = {
			isa = PBXProject;
			attributes = {
				LastUpgradeCheck = 0820;
				ORGANIZATIONNAME = Parkchanwoong;
				TargetAttributes = {
					2EE408F11E2DE5C7007C54B1 = {
						CreatedOnToolsVersion = 8.2.1;
						ProvisioningStyle = Automatic;
					};
				};
			};
			buildConfigurationList = 2EE408ED1E2DE5C7007C54B1 /* Build configuration list for PBXProject "Gamejob" */;
			compatibilityVersion = "Xcode 3.2";
			developmentRegion = English;
			hasScannedForEncodings = 0;
			knownRegions = (
				en,
			);
			mainGroup = 2EE408E91E2DE5C7007C54B1;
			productRefGroup = 2EE408F31E2DE5C7007C54B1 /* Products */;
			projectDirPath = "";
			projectRoot = "";
			targets = (
				2EE408F11E2DE5C7007C54B1 /* Gamejob */,
			);
		};
/* End PBXProject section */

/* Begin PBXSourcesBuildPhase section */
		2EE408EE1E2DE5C7007C54B1 /* Sources */ = {
			isa = PBXSourcesBuildPhase;
			buildActionMask = 2147483647;
			files = (
				2EE409041E2DE828007C54B1 /* Wizard.m in Sources */,
				2EE409011E2DE6C6007C54B1 /* Warrior.m in Sources */,
				2EE408FE1E2DE5E1007C54B1 /* Person.m in Sources */,
				2EE408F61E2DE5C7007C54B1 /* main.m in Sources */,
			);
			runOnlyForDeploymentPostprocessing = 0;
		};
/* End PBXSourcesBuildPhase section */

/* Begin XCBuildConfiguration section */
		2EE408F71E2DE5C7007C54B1 /* Debug */ = {
			isa = XCBuildConfiguration;
			buildSettings = {
				ALWAYS_SEARCH_USER_PATHS = NO;
				CLANG_ANALYZER_NONNULL = YES;
				CLANG_CXX_LANGUAGE_STANDARD = "gnu++0x";
				CLANG_CXX_LIBRARY = "libc++";
				CLANG_ENABLE_MODULES = YES;
				CLANG_ENABLE_OBJC_ARC = YES;
				CLANG_WARN_BOOL_CONVERSION = YES;
				CLANG_WARN_CONSTANT_CONVERSION = YES;
				CLANG_WARN_DIRECT_OBJC_ISA_USAGE = YES_ERROR;
				CLANG_WARN_DOCUMENTATION_COMMENTS = YES;
				CLANG_WARN_EMPTY_BODY = YES;
				CLANG_WARN_ENUM_CONVERSION = YES;
				CLANG_WARN_INFINITE_RECURSION = YES;
				CLANG_WARN_INT_CONVERSION = YES;
				CLANG_WARN_OBJC_ROOT_CLASS = YES_ERROR;
				CLANG_WARN_SUSPICIOUS_MOVE = YES;
				CLANG_WARN_UNREACHABLE_CODE = YES;
				CLANG_WARN__DUPLICATE_METHOD_MATCH = YES;
				CODE_SIGN_IDENTITY = "-";
				COPY_PHASE_STRIP = NO;
				DEBUG_INFORMATION_FORMAT = dwarf;
				ENABLE_STRICT_OBJC_MSGSEND = YES;
				ENABLE_TESTABILITY = YES;
				GCC_C_LANGUAGE_STANDARD = gnu99;
				GCC_DYNAMIC_NO_PIC = NO;
				GCC_NO_COMMON_BLOCKS = YES;
				GCC_OPTIMIZATION_LEVEL = 0;
				GCC_PREPROCESSOR_DEFINITIONS = (
					"DEBUG=1",
					"$(inherited)",
				);
				GCC_WARN_64_TO_32_BIT_CONVERSION = YES;
				GCC_WARN_ABOUT_RETURN_TYPE = YES_ERROR;
				GCC_WARN_UNDECLARED_SELECTOR = YES;
				GCC_WARN_UNINITIALIZED_AUTOS = YES_AGGRESSIVE;
				GCC_WARN_UNUSED_FUNCTION = YES;
				GCC_WARN_UNUSED_VARIABLE = YES;
				MACOSX_DEPLOYMENT_TARGET = 10.12;
				MTL_ENABLE_DEBUG_INFO = YES;
				ONLY_ACTIVE_ARCH = YES;
				SDKROOT = macosx;
			};
			name = Debug;
		};
		2EE408F81E2DE5C7007C54B1 /* Release */ = {
			isa = XCBuildConfiguration;
			buildSettings = {
				ALWAYS_SEARCH_USER_PATHS = NO;
				CLANG_ANALYZER_NONNULL = YES;
				CLANG_CXX_LANGUAGE_STANDARD = "gnu++0x";
				CLANG_CXX_LIBRARY = "libc++";
				CLANG_ENABLE_MODULES = YES;
				CLANG_ENABLE_OBJC_ARC = YES;
				CLANG_WARN_BOOL_CONVERSION = YES;
				CLANG_WARN_CONSTANT_CONVERSION = YES;
				CLANG_WARN_DIRECT_OBJC_ISA_USAGE = YES_ERROR;
				CLANG_WARN_DOCUMENTATION_COMMENTS = YES;
				CLANG_WARN_EMPTY_BODY = YES;
				CLANG_WARN_ENUM_CONVERSION = YES;
				CLANG_WARN_INFINITE_RECURSION = YES;
				CLANG_WARN_INT_CONVERSION = YES;
				CLANG_WARN_OBJC_ROOT_CLASS = YES_ERROR;
				CLANG_WARN_SUSPICIOUS_MOVE = YES;
				CLANG_WARN_UNREACHABLE_CODE = YES;
				CLANG_WARN__DUPLICATE_METHOD_MATCH = YES;
				CODE_SIGN_IDENTITY = "-";
				COPY_PHASE_STRIP = NO;
				DEBUG_INFORMATION_FORMAT = "dwarf-with-dsym";
				ENABLE_NS_ASSERTIONS = NO;
				ENABLE_STRICT_OBJC_MSGSEND = YES;
				GCC_C_LANGUAGE_STANDARD = gnu99;
				GCC_NO_COMMON_BLOCKS = YES;
				GCC_WARN_64_TO_32_BIT_CONVERSION = YES;
				GCC_WARN_ABOUT_RETURN_TYPE = YES_ERROR;
				GCC_WARN_UNDECLARED_SELECTOR = YES;
				GCC_WARN_UNINITIALIZED_AUTOS = YES_AGGRESSIVE;
				GCC_WARN_UNUSED_FUNCTION = YES;
				GCC_WARN_UNUSED_VARIABLE = YES;
				MACOSX_DEPLOYMENT_TARGET = 10.12;
				MTL_ENABLE_DEBUG_INFO = NO;
				SDKROOT = macosx;
			};
			name = Release;
		};
		2EE408FA1E2DE5C7007C54B1 /* Debug */ = {
			isa = XCBuildConfiguration;
			buildSettings = {
				PRODUCT_NAME = "$(TARGET_NAME)";
			};
			name = Debug;
		};
		2EE408FB1E2DE5C7007C54B1 /* Release */ = {
			isa = XCBuildConfiguration;
			buildSettings = {
				PRODUCT_NAME = "$(TARGET_NAME)";
			};
			name = Release;
		};
/* End XCBuildConfiguration section */

/* Begin XCConfigurationList section */
		2EE408ED1E2DE5C7007C54B1 /* Build configuration list for PBXProject "Gamejob" */ = {
			isa = XCConfigurationList;
			buildConfigurations = (
				2EE408F71E2DE5C7007C54B1 /* Debug */,
				2EE408F81E2DE5C7007C54B1 /* Release */,
			);
			defaultConfigurationIsVisible = 0;
			defaultConfigurationName = Release;
		};
		2EE408F91E2DE5C7007C54B1 /* Build configuration list for PBXNativeTarget "Gamejob" */ = {
			isa = XCConfigurationList;
			buildConfigurations = (
				2EE408FA1E2DE5C7007C54B1 /* Debug */,
				2EE408FB1E2DE5C7007C54B1 /* Release */,
			);
			defaultConfigurationIsVisible = 0;
		};
/* End XCConfigurationList section */
	};
	rootObject = 2EE408EA1E2DE5C7007C54B1 /* Project object */;
}
