// !$*UTF8*$!
{
	archiveVersion = 1;
	classes = {
	};
	objectVersion = 46;
	objects = {

/* Begin PBXBuildFile section */
		2E2A2C761E521DA7004D1EDE /* main.m in Sources */ = {isa = PBXBuildFile; fileRef = 2E2A2C751E521DA7004D1EDE /* main.m */; };
		2E2A2C791E521DA7004D1EDE /* AppDelegate.m in Sources */ = {isa = PBXBuildFile; fileRef = 2E2A2C781E521DA7004D1EDE /* AppDelegate.m */; };
		2E2A2C7C1E521DA7004D1EDE /* ViewController.m in Sources */ = {isa = PBXBuildFile; fileRef = 2E2A2C7B1E521DA7004D1EDE /* ViewController.m */; };
		2E2A2C7F1E521DA7004D1EDE /* Main.storyboard in Resources */ = {isa = PBXBuildFile; fileRef = 2E2A2C7D1E521DA7004D1EDE /* Main.storyboard */; };
		2E2A2C811E521DA7004D1EDE /* Assets.xcassets in Resources */ = {isa = PBXBuildFile; fileRef = 2E2A2C801E521DA7004D1EDE /* Assets.xcassets */; };
		2E2A2C841E521DA7004D1EDE /* LaunchScreen.storyboard in Resources */ = {isa = PBXBuildFile; fileRef = 2E2A2C821E521DA7004D1EDE /* LaunchScreen.storyboard */; };
/* End PBXBuildFile section */

/* Begin PBXFileReference section */
		2E2A2C711E521DA7004D1EDE /* Practice0214.app */ = {isa = PBXFileReference; explicitFileType = wrapper.application; includeInIndex = 0; path = Practice0214.app; sourceTree = BUILT_PRODUCTS_DIR; };
		2E2A2C751E521DA7004D1EDE /* main.m */ = {isa = PBXFileReference; lastKnownFileType = sourcecode.c.objc; path = main.m; sourceTree = "<group>"; };
		2E2A2C771E521DA7004D1EDE /* AppDelegate.h */ = {isa = PBXFileReference; lastKnownFileType = sourcecode.c.h; path = AppDelegate.h; sourceTree = "<group>"; };
		2E2A2C781E521DA7004D1EDE /* AppDelegate.m */ = {isa = PBXFileReference; lastKnownFileType = sourcecode.c.objc; path = AppDelegate.m; sourceTree = "<group>"; };
		2E2A2C7A1E521DA7004D1EDE /* ViewController.h */ = {isa = PBXFileReference; lastKnownFileType = sourcecode.c.h; path = ViewController.h; sourceTree = "<group>"; };
		2E2A2C7B1E521DA7004D1EDE /* ViewController.m */ = {isa = PBXFileReference; lastKnownFileType = sourcecode.c.objc; path = ViewController.m; sourceTree = "<group>"; };
		2E2A2C7E1E521DA7004D1EDE /* Base */ = {isa = PBXFileReference; lastKnownFileType = file.storyboard; name = Base; path = Base.lproj/Main.storyboard; sourceTree = "<group>"; };
		2E2A2C801E521DA7004D1EDE /* Assets.xcassets */ = {isa = PBXFileReference; lastKnownFileType = folder.assetcatalog; path = Assets.xcassets; sourceTree = "<group>"; };
		2E2A2C831E521DA7004D1EDE /* Base */ = {isa = PBXFileReference; lastKnownFileType = file.storyboard; name = Base; path = Base.lproj/LaunchScreen.storyboard; sourceTree = "<group>"; };
		2E2A2C851E521DA7004D1EDE /* Info.plist */ = {isa = PBXFileReference; lastKnownFileType = text.plist.xml; path = Info.plist; sourceTree = "<group>"; };
/* End PBXFileReference section */

/* Begin PBXFrameworksBuildPhase section */
		2E2A2C6E1E521DA7004D1EDE /* Frameworks */ = {
			isa = PBXFrameworksBuildPhase;
			buildActionMask = 2147483647;
			files = (
			);
			runOnlyForDeploymentPostprocessing = 0;
		};
/* End PBXFrameworksBuildPhase section */

/* Begin PBXGroup section */
		2E2A2C681E521DA7004D1EDE = {
			isa = PBXGroup;
			children = (
				2E2A2C731E521DA7004D1EDE /* Practice0214 */,
				2E2A2C721E521DA7004D1EDE /* Products */,
			);
			sourceTree = "<group>";
		};
		2E2A2C721E521DA7004D1EDE /* Products */ = {
			isa = PBXGroup;
			children = (
				2E2A2C711E521DA7004D1EDE /* Practice0214.app */,
			);
			name = Products;
			sourceTree = "<group>";
		};
		2E2A2C731E521DA7004D1EDE /* Practice0214 */ = {
			isa = PBXGroup;
			children = (
				2E2A2C771E521DA7004D1EDE /* AppDelegate.h */,
				2E2A2C781E521DA7004D1EDE /* AppDelegate.m */,
				2E2A2C7A1E521DA7004D1EDE /* ViewController.h */,
				2E2A2C7B1E521DA7004D1EDE /* ViewController.m */,
				2E2A2C7D1E521DA7004D1EDE /* Main.storyboard */,
				2E2A2C801E521DA7004D1EDE /* Assets.xcassets */,
				2E2A2C821E521DA7004D1EDE /* LaunchScreen.storyboard */,
				2E2A2C851E521DA7004D1EDE /* Info.plist */,
				2E2A2C741E521DA7004D1EDE /* Supporting Files */,
			);
			path = Practice0214;
			sourceTree = "<group>";
		};
		2E2A2C741E521DA7004D1EDE /* Supporting Files */ = {
			isa = PBXGroup;
			children = (
				2E2A2C751E521DA7004D1EDE /* main.m */,
			);
			name = "Supporting Files";
			sourceTree = "<group>";
		};
/* End PBXGroup section */

/* Begin PBXNativeTarget section */
		2E2A2C701E521DA7004D1EDE /* Practice0214 */ = {
			isa = PBXNativeTarget;
			buildConfigurationList = 2E2A2C881E521DA7004D1EDE /* Build configuration list for PBXNativeTarget "Practice0214" */;
			buildPhases = (
				2E2A2C6D1E521DA7004D1EDE /* Sources */,
				2E2A2C6E1E521DA7004D1EDE /* Frameworks */,
				2E2A2C6F1E521DA7004D1EDE /* Resources */,
			);
			buildRules = (
			);
			dependencies = (
			);
			name = Practice0214;
			productName = Practice0214;
			productReference = 2E2A2C711E521DA7004D1EDE /* Practice0214.app */;
			productType = "com.apple.product-type.application";
		};
/* End PBXNativeTarget section */

/* Begin PBXProject section */
		2E2A2C691E521DA7004D1EDE /* Project object */ = {
			isa = PBXProject;
			attributes = {
				LastUpgradeCheck = 0820;
				ORGANIZATIONNAME = Parkchanwoong;
				TargetAttributes = {
					2E2A2C701E521DA7004D1EDE = {
						CreatedOnToolsVersion = 8.2.1;
						ProvisioningStyle = Automatic;
					};
				};
			};
			buildConfigurationList = 2E2A2C6C1E521DA7004D1EDE /* Build configuration list for PBXProject "Practice0214" */;
			compatibilityVersion = "Xcode 3.2";
			developmentRegion = English;
			hasScannedForEncodings = 0;
			knownRegions = (
				en,
				Base,
			);
			mainGroup = 2E2A2C681E521DA7004D1EDE;
			productRefGroup = 2E2A2C721E521DA7004D1EDE /* Products */;
			projectDirPath = "";
			projectRoot = "";
			targets = (
				2E2A2C701E521DA7004D1EDE /* Practice0214 */,
			);
		};
/* End PBXProject section */

/* Begin PBXResourcesBuildPhase section */
		2E2A2C6F1E521DA7004D1EDE /* Resources */ = {
			isa = PBXResourcesBuildPhase;
			buildActionMask = 2147483647;
			files = (
				2E2A2C841E521DA7004D1EDE /* LaunchScreen.storyboard in Resources */,
				2E2A2C811E521DA7004D1EDE /* Assets.xcassets in Resources */,
				2E2A2C7F1E521DA7004D1EDE /* Main.storyboard in Resources */,
			);
			runOnlyForDeploymentPostprocessing = 0;
		};
/* End PBXResourcesBuildPhase section */

/* Begin PBXSourcesBuildPhase section */
		2E2A2C6D1E521DA7004D1EDE /* Sources */ = {
			isa = PBXSourcesBuildPhase;
			buildActionMask = 2147483647;
			files = (
				2E2A2C7C1E521DA7004D1EDE /* ViewController.m in Sources */,
				2E2A2C791E521DA7004D1EDE /* AppDelegate.m in Sources */,
				2E2A2C761E521DA7004D1EDE /* main.m in Sources */,
			);
			runOnlyForDeploymentPostprocessing = 0;
		};
/* End PBXSourcesBuildPhase section */

/* Begin PBXVariantGroup section */
		2E2A2C7D1E521DA7004D1EDE /* Main.storyboard */ = {
			isa = PBXVariantGroup;
			children = (
				2E2A2C7E1E521DA7004D1EDE /* Base */,
			);
			name = Main.storyboard;
			sourceTree = "<group>";
		};
		2E2A2C821E521DA7004D1EDE /* LaunchScreen.storyboard */ = {
			isa = PBXVariantGroup;
			children = (
				2E2A2C831E521DA7004D1EDE /* Base */,
			);
			name = LaunchScreen.storyboard;
			sourceTree = "<group>";
		};
/* End PBXVariantGroup section */

/* Begin XCBuildConfiguration section */
		2E2A2C861E521DA7004D1EDE /* Debug */ = {
			isa = XCBuildConfiguration;
			buildSettings = {
				ALWAYS_SEARCH_USER_PATHS = NO;
				CLANG_ANALYZER_NONNULL = YES;
				CLANG_CXX_LANGUAGE_STANDARD = "gnu++0x";
				CLANG_CXX_LIBRARY = "libc++";
				CLANG_ENABLE_MODULES = YES;
				CLANG_ENABLE_OBJC_ARC = YES;
				CLANG_WARN_BOOL_CONVERSION = YES;
				CLANG_WARN_CONSTANT_CONVERSION = YES;
				CLANG_WARN_DIRECT_OBJC_ISA_USAGE = YES_ERROR;
				CLANG_WARN_DOCUMENTATION_COMMENTS = YES;
				CLANG_WARN_EMPTY_BODY = YES;
				CLANG_WARN_ENUM_CONVERSION = YES;
				CLANG_WARN_INFINITE_RECURSION = YES;
				CLANG_WARN_INT_CONVERSION = YES;
				CLANG_WARN_OBJC_ROOT_CLASS = YES_ERROR;
				CLANG_WARN_SUSPICIOUS_MOVE = YES;
				CLANG_WARN_UNREACHABLE_CODE = YES;
				CLANG_WARN__DUPLICATE_METHOD_MATCH = YES;
				"CODE_SIGN_IDENTITY[sdk=iphoneos*]" = "iPhone Developer";
				COPY_PHASE_STRIP = NO;
				DEBUG_INFORMATION_FORMAT = dwarf;
				ENABLE_STRICT_OBJC_MSGSEND = YES;
				ENABLE_TESTABILITY = YES;
				GCC_C_LANGUAGE_STANDARD = gnu99;
				GCC_DYNAMIC_NO_PIC = NO;
				GCC_NO_COMMON_BLOCKS = YES;
				GCC_OPTIMIZATION_LEVEL = 0;
				GCC_PREPROCESSOR_DEFINITIONS = (
					"DEBUG=1",
					"$(inherited)",
				);
				GCC_WARN_64_TO_32_BIT_CONVERSION = YES;
				GCC_WARN_ABOUT_RETURN_TYPE = YES_ERROR;
				GCC_WARN_UNDECLARED_SELECTOR = YES;
				GCC_WARN_UNINITIALIZED_AUTOS = YES_AGGRESSIVE;
				GCC_WARN_UNUSED_FUNCTION = YES;
				GCC_WARN_UNUSED_VARIABLE = YES;
				IPHONEOS_DEPLOYMENT_TARGET = 10.2;
				MTL_ENABLE_DEBUG_INFO = YES;
				ONLY_ACTIVE_ARCH = YES;
				SDKROOT = iphoneos;
			};
			name = Debug;
		};
		2E2A2C871E521DA7004D1EDE /* Release */ = {
			isa = XCBuildConfiguration;
			buildSettings = {
				ALWAYS_SEARCH_USER_PATHS = NO;
				CLANG_ANALYZER_NONNULL = YES;
				CLANG_CXX_LANGUAGE_STANDARD = "gnu++0x";
				CLANG_CXX_LIBRARY = "libc++";
				CLANG_ENABLE_MODULES = YES;
				CLANG_ENABLE_OBJC_ARC = YES;
				CLANG_WARN_BOOL_CONVERSION = YES;
				CLANG_WARN_CONSTANT_CONVERSION = YES;
				CLANG_WARN_DIRECT_OBJC_ISA_USAGE = YES_ERROR;
				CLANG_WARN_DOCUMENTATION_COMMENTS = YES;
				CLANG_WARN_EMPTY_BODY = YES;
				CLANG_WARN_ENUM_CONVERSION = YES;
				CLANG_WARN_INFINITE_RECURSION = YES;
				CLANG_WARN_INT_CONVERSION = YES;
				CLANG_WARN_OBJC_ROOT_CLASS = YES_ERROR;
				CLANG_WARN_SUSPICIOUS_MOVE = YES;
				CLANG_WARN_UNREACHABLE_CODE = YES;
				CLANG_WARN__DUPLICATE_METHOD_MATCH = YES;
				"CODE_SIGN_IDENTITY[sdk=iphoneos*]" = "iPhone Developer";
				COPY_PHASE_STRIP = NO;
				DEBUG_INFORMATION_FORMAT = "dwarf-with-dsym";
				ENABLE_NS_ASSERTIONS = NO;
				ENABLE_STRICT_OBJC_MSGSEND = YES;
				GCC_C_LANGUAGE_STANDARD = gnu99;
				GCC_NO_COMMON_BLOCKS = YES;
				GCC_WARN_64_TO_32_BIT_CONVERSION = YES;
				GCC_WARN_ABOUT_RETURN_TYPE = YES_ERROR;
				GCC_WARN_UNDECLARED_SELECTOR = YES;
				GCC_WARN_UNINITIALIZED_AUTOS = YES_AGGRESSIVE;
				GCC_WARN_UNUSED_FUNCTION = YES;
				GCC_WARN_UNUSED_VARIABLE = YES;
				IPHONEOS_DEPLOYMENT_TARGET = 10.2;
				MTL_ENABLE_DEBUG_INFO = NO;
				SDKROOT = iphoneos;
				VALIDATE_PRODUCT = YES;
			};
			name = Release;
		};
		2E2A2C891E521DA7004D1EDE /* Debug */ = {
			isa = XCBuildConfiguration;
			buildSettings = {
				ASSETCATALOG_COMPILER_APPICON_NAME = AppIcon;
				INFOPLIST_FILE = Practice0214/Info.plist;
				LD_RUNPATH_SEARCH_PATHS = "$(inherited) @executable_path/Frameworks";
				PRODUCT_BUNDLE_IDENTIFIER = chanwoong.Practice0214;
				PRODUCT_NAME = "$(TARGET_NAME)";
			};
			name = Debug;
		};
		2E2A2C8A1E521DA7004D1EDE /* Release */ = {
			isa = XCBuildConfiguration;
			buildSettings = {
				ASSETCATALOG_COMPILER_APPICON_NAME = AppIcon;
				INFOPLIST_FILE = Practice0214/Info.plist;
				LD_RUNPATH_SEARCH_PATHS = "$(inherited) @executable_path/Frameworks";
				PRODUCT_BUNDLE_IDENTIFIER = chanwoong.Practice0214;
				PRODUCT_NAME = "$(TARGET_NAME)";
			};
			name = Release;
		};
/* End XCBuildConfiguration section */

/* Begin XCConfigurationList section */
		2E2A2C6C1E521DA7004D1EDE /* Build configuration list for PBXProject "Practice0214" */ = {
			isa = XCConfigurationList;
			buildConfigurations = (
				2E2A2C861E521DA7004D1EDE /* Debug */,
				2E2A2C871E521DA7004D1EDE /* Release */,
			);
			defaultConfigurationIsVisible = 0;
			defaultConfigurationName = Release;
		};
		2E2A2C881E521DA7004D1EDE /* Build configuration list for PBXNativeTarget "Practice0214" */ = {
			isa = XCConfigurationList;
			buildConfigurations = (
				2E2A2C891E521DA7004D1EDE /* Debug */,
				2E2A2C8A1E521DA7004D1EDE /* Release */,
			);
			defaultConfigurationIsVisible = 0;
		};
/* End XCConfigurationList section */
	};
	rootObject = 2E2A2C691E521DA7004D1EDE /* Project object */;
}
