// !$*UTF8*$!
{
	archiveVersion = 1;
	classes = {
	};
	objectVersion = 46;
	objects = {

/* Begin PBXBuildFile section */
		2E16FC511E5D6BE700D187B4 /* FriendViewController.m in Sources */ = {isa = PBXBuildFile; fileRef = 2E16FC501E5D6BE700D187B4 /* FriendViewController.m */; };
		2E16FC571E5D769100D187B4 /* human.png in Resources */ = {isa = PBXBuildFile; fileRef = 2E16FC561E5D769100D187B4 /* human.png */; };
		2EB31CFD1E5EF37D00068607 /* DataCenter.m in Sources */ = {isa = PBXBuildFile; fileRef = 2EB31CFC1E5EF37D00068607 /* DataCenter.m */; };
		2EC0B5431E5D531B00BA3A95 /* main.m in Sources */ = {isa = PBXBuildFile; fileRef = 2EC0B5421E5D531B00BA3A95 /* main.m */; };
		2EC0B5461E5D531B00BA3A95 /* AppDelegate.m in Sources */ = {isa = PBXBuildFile; fileRef = 2EC0B5451E5D531B00BA3A95 /* AppDelegate.m */; };
		2EC0B5491E5D531B00BA3A95 /* ViewController.m in Sources */ = {isa = PBXBuildFile; fileRef = 2EC0B5481E5D531B00BA3A95 /* ViewController.m */; };
		2EC0B54C1E5D531B00BA3A95 /* Main.storyboard in Resources */ = {isa = PBXBuildFile; fileRef = 2EC0B54A1E5D531B00BA3A95 /* Main.storyboard */; };
		2EC0B54E1E5D531B00BA3A95 /* Assets.xcassets in Resources */ = {isa = PBXBuildFile; fileRef = 2EC0B54D1E5D531B00BA3A95 /* Assets.xcassets */; };
		2EC0B5511E5D531B00BA3A95 /* LaunchScreen.storyboard in Resources */ = {isa = PBXBuildFile; fileRef = 2EC0B54F1E5D531B00BA3A95 /* LaunchScreen.storyboard */; };
/* End PBXBuildFile section */

/* Begin PBXFileReference section */
		2E16FC4F1E5D6BE700D187B4 /* FriendViewController.h */ = {isa = PBXFileReference; fileEncoding = 4; lastKnownFileType = sourcecode.c.h; path = FriendViewController.h; sourceTree = "<group>"; };
		2E16FC501E5D6BE700D187B4 /* FriendViewController.m */ = {isa = PBXFileReference; fileEncoding = 4; lastKnownFileType = sourcecode.c.objc; path = FriendViewController.m; sourceTree = "<group>"; };
		2E16FC561E5D769100D187B4 /* human.png */ = {isa = PBXFileReference; lastKnownFileType = image.png; path = human.png; sourceTree = "<group>"; };
		2EB31CFB1E5EF37D00068607 /* DataCenter.h */ = {isa = PBXFileReference; fileEncoding = 4; lastKnownFileType = sourcecode.c.h; path = DataCenter.h; sourceTree = "<group>"; };
		2EB31CFC1E5EF37D00068607 /* DataCenter.m */ = {isa = PBXFileReference; fileEncoding = 4; lastKnownFileType = sourcecode.c.objc; path = DataCenter.m; sourceTree = "<group>"; };
		2EC0B53E1E5D531B00BA3A95 /* KakaoImitation.app */ = {isa = PBXFileReference; explicitFileType = wrapper.application; includeInIndex = 0; path = KakaoImitation.app; sourceTree = BUILT_PRODUCTS_DIR; };
		2EC0B5421E5D531B00BA3A95 /* main.m */ = {isa = PBXFileReference; lastKnownFileType = sourcecode.c.objc; path = main.m; sourceTree = "<group>"; };
		2EC0B5441E5D531B00BA3A95 /* AppDelegate.h */ = {isa = PBXFileReference; lastKnownFileType = sourcecode.c.h; path = AppDelegate.h; sourceTree = "<group>"; };
		2EC0B5451E5D531B00BA3A95 /* AppDelegate.m */ = {isa = PBXFileReference; lastKnownFileType = sourcecode.c.objc; path = AppDelegate.m; sourceTree = "<group>"; };
		2EC0B5471E5D531B00BA3A95 /* ViewController.h */ = {isa = PBXFileReference; lastKnownFileType = sourcecode.c.h; path = ViewController.h; sourceTree = "<group>"; };
		2EC0B5481E5D531B00BA3A95 /* ViewController.m */ = {isa = PBXFileReference; lastKnownFileType = sourcecode.c.objc; path = ViewController.m; sourceTree = "<group>"; };
		2EC0B54B1E5D531B00BA3A95 /* Base */ = {isa = PBXFileReference; lastKnownFileType = file.storyboard; name = Base; path = Base.lproj/Main.storyboard; sourceTree = "<group>"; };
		2EC0B54D1E5D531B00BA3A95 /* Assets.xcassets */ = {isa = PBXFileReference; lastKnownFileType = folder.assetcatalog; path = Assets.xcassets; sourceTree = "<group>"; };
		2EC0B5501E5D531B00BA3A95 /* Base */ = {isa = PBXFileReference; lastKnownFileType = file.storyboard; name = Base; path = Base.lproj/LaunchScreen.storyboard; sourceTree = "<group>"; };
		2EC0B5521E5D531B00BA3A95 /* Info.plist */ = {isa = PBXFileReference; lastKnownFileType = text.plist.xml; path = Info.plist; sourceTree = "<group>"; };
/* End PBXFileReference section */

/* Begin PBXFrameworksBuildPhase section */
		2EC0B53B1E5D531A00BA3A95 /* Frameworks */ = {
			isa = PBXFrameworksBuildPhase;
			buildActionMask = 2147483647;
			files = (
			);
			runOnlyForDeploymentPostprocessing = 0;
		};
/* End PBXFrameworksBuildPhase section */

/* Begin PBXGroup section */
		2EC0B5351E5D531A00BA3A95 = {
			isa = PBXGroup;
			children = (
				2EC0B5401E5D531B00BA3A95 /* KakaoImitation */,
				2EC0B53F1E5D531B00BA3A95 /* Products */,
			);
			sourceTree = "<group>";
		};
		2EC0B53F1E5D531B00BA3A95 /* Products */ = {
			isa = PBXGroup;
			children = (
				2EC0B53E1E5D531B00BA3A95 /* KakaoImitation.app */,
			);
			name = Products;
			sourceTree = "<group>";
		};
		2EC0B5401E5D531B00BA3A95 /* KakaoImitation */ = {
			isa = PBXGroup;
			children = (
				2EC0B5441E5D531B00BA3A95 /* AppDelegate.h */,
				2EC0B5451E5D531B00BA3A95 /* AppDelegate.m */,
				2EC0B5471E5D531B00BA3A95 /* ViewController.h */,
				2EC0B5481E5D531B00BA3A95 /* ViewController.m */,
				2E16FC4F1E5D6BE700D187B4 /* FriendViewController.h */,
				2E16FC501E5D6BE700D187B4 /* FriendViewController.m */,
				2EB31CFB1E5EF37D00068607 /* DataCenter.h */,
				2EB31CFC1E5EF37D00068607 /* DataCenter.m */,
				2EC0B54A1E5D531B00BA3A95 /* Main.storyboard */,
				2EC0B54D1E5D531B00BA3A95 /* Assets.xcassets */,
				2EC0B54F1E5D531B00BA3A95 /* LaunchScreen.storyboard */,
				2E16FC561E5D769100D187B4 /* human.png */,
				2EC0B5521E5D531B00BA3A95 /* Info.plist */,
				2EC0B5411E5D531B00BA3A95 /* Supporting Files */,
			);
			path = KakaoImitation;
			sourceTree = "<group>";
		};
		2EC0B5411E5D531B00BA3A95 /* Supporting Files */ = {
			isa = PBXGroup;
			children = (
				2EC0B5421E5D531B00BA3A95 /* main.m */,
			);
			name = "Supporting Files";
			sourceTree = "<group>";
		};
/* End PBXGroup section */

/* Begin PBXNativeTarget section */
		2EC0B53D1E5D531A00BA3A95 /* KakaoImitation */ = {
			isa = PBXNativeTarget;
			buildConfigurationList = 2EC0B5551E5D531B00BA3A95 /* Build configuration list for PBXNativeTarget "KakaoImitation" */;
			buildPhases = (
				2EC0B53A1E5D531A00BA3A95 /* Sources */,
				2EC0B53B1E5D531A00BA3A95 /* Frameworks */,
				2EC0B53C1E5D531A00BA3A95 /* Resources */,
			);
			buildRules = (
			);
			dependencies = (
			);
			name = KakaoImitation;
			productName = KakaoImitation;
			productReference = 2EC0B53E1E5D531B00BA3A95 /* KakaoImitation.app */;
			productType = "com.apple.product-type.application";
		};
/* End PBXNativeTarget section */

/* Begin PBXProject section */
		2EC0B5361E5D531A00BA3A95 /* Project object */ = {
			isa = PBXProject;
			attributes = {
				LastUpgradeCheck = 0820;
				ORGANIZATIONNAME = Parkchanwoong;
				TargetAttributes = {
					2EC0B53D1E5D531A00BA3A95 = {
						CreatedOnToolsVersion = 8.2.1;
						ProvisioningStyle = Automatic;
					};
				};
			};
			buildConfigurationList = 2EC0B5391E5D531A00BA3A95 /* Build configuration list for PBXProject "KakaoImitation" */;
			compatibilityVersion = "Xcode 3.2";
			developmentRegion = English;
			hasScannedForEncodings = 0;
			knownRegions = (
				en,
				Base,
			);
			mainGroup = 2EC0B5351E5D531A00BA3A95;
			productRefGroup = 2EC0B53F1E5D531B00BA3A95 /* Products */;
			projectDirPath = "";
			projectRoot = "";
			targets = (
				2EC0B53D1E5D531A00BA3A95 /* KakaoImitation */,
			);
		};
/* End PBXProject section */

/* Begin PBXResourcesBuildPhase section */
		2EC0B53C1E5D531A00BA3A95 /* Resources */ = {
			isa = PBXResourcesBuildPhase;
			buildActionMask = 2147483647;
			files = (
				2EC0B5511E5D531B00BA3A95 /* LaunchScreen.storyboard in Resources */,
				2E16FC571E5D769100D187B4 /* human.png in Resources */,
				2EC0B54E1E5D531B00BA3A95 /* Assets.xcassets in Resources */,
				2EC0B54C1E5D531B00BA3A95 /* Main.storyboard in Resources */,
			);
			runOnlyForDeploymentPostprocessing = 0;
		};
/* End PBXResourcesBuildPhase section */

/* Begin PBXSourcesBuildPhase section */
		2EC0B53A1E5D531A00BA3A95 /* Sources */ = {
			isa = PBXSourcesBuildPhase;
			buildActionMask = 2147483647;
			files = (
				2E16FC511E5D6BE700D187B4 /* FriendViewController.m in Sources */,
				2EB31CFD1E5EF37D00068607 /* DataCenter.m in Sources */,
				2EC0B5491E5D531B00BA3A95 /* ViewController.m in Sources */,
				2EC0B5461E5D531B00BA3A95 /* AppDelegate.m in Sources */,
				2EC0B5431E5D531B00BA3A95 /* main.m in Sources */,
			);
			runOnlyForDeploymentPostprocessing = 0;
		};
/* End PBXSourcesBuildPhase section */

/* Begin PBXVariantGroup section */
		2EC0B54A1E5D531B00BA3A95 /* Main.storyboard */ = {
			isa = PBXVariantGroup;
			children = (
				2EC0B54B1E5D531B00BA3A95 /* Base */,
			);
			name = Main.storyboard;
			sourceTree = "<group>";
		};
		2EC0B54F1E5D531B00BA3A95 /* LaunchScreen.storyboard */ = {
			isa = PBXVariantGroup;
			children = (
				2EC0B5501E5D531B00BA3A95 /* Base */,
			);
			name = LaunchScreen.storyboard;
			sourceTree = "<group>";
		};
/* End PBXVariantGroup section */

/* Begin XCBuildConfiguration section */
		2EC0B5531E5D531B00BA3A95 /* Debug */ = {
			isa = XCBuildConfiguration;
			buildSettings = {
				ALWAYS_SEARCH_USER_PATHS = NO;
				CLANG_ANALYZER_NONNULL = YES;
				CLANG_CXX_LANGUAGE_STANDARD = "gnu++0x";
				CLANG_CXX_LIBRARY = "libc++";
				CLANG_ENABLE_MODULES = YES;
				CLANG_ENABLE_OBJC_ARC = YES;
				CLANG_WARN_BOOL_CONVERSION = YES;
				CLANG_WARN_CONSTANT_CONVERSION = YES;
				CLANG_WARN_DIRECT_OBJC_ISA_USAGE = YES_ERROR;
				CLANG_WARN_DOCUMENTATION_COMMENTS = YES;
				CLANG_WARN_EMPTY_BODY = YES;
				CLANG_WARN_ENUM_CONVERSION = YES;
				CLANG_WARN_INFINITE_RECURSION = YES;
				CLANG_WARN_INT_CONVERSION = YES;
				CLANG_WARN_OBJC_ROOT_CLASS = YES_ERROR;
				CLANG_WARN_SUSPICIOUS_MOVE = YES;
				CLANG_WARN_UNREACHABLE_CODE = YES;
				CLANG_WARN__DUPLICATE_METHOD_MATCH = YES;
				"CODE_SIGN_IDENTITY[sdk=iphoneos*]" = "iPhone Developer";
				COPY_PHASE_STRIP = NO;
				DEBUG_INFORMATION_FORMAT = dwarf;
				ENABLE_STRICT_OBJC_MSGSEND = YES;
				ENABLE_TESTABILITY = YES;
				GCC_C_LANGUAGE_STANDARD = gnu99;
				GCC_DYNAMIC_NO_PIC = NO;
				GCC_NO_COMMON_BLOCKS = YES;
				GCC_OPTIMIZATION_LEVEL = 0;
				GCC_PREPROCESSOR_DEFINITIONS = (
					"DEBUG=1",
					"$(inherited)",
				);
				GCC_WARN_64_TO_32_BIT_CONVERSION = YES;
				GCC_WARN_ABOUT_RETURN_TYPE = YES_ERROR;
				GCC_WARN_UNDECLARED_SELECTOR = YES;
				GCC_WARN_UNINITIALIZED_AUTOS = YES_AGGRESSIVE;
				GCC_WARN_UNUSED_FUNCTION = YES;
				GCC_WARN_UNUSED_VARIABLE = YES;
				IPHONEOS_DEPLOYMENT_TARGET = 10.2;
				MTL_ENABLE_DEBUG_INFO = YES;
				ONLY_ACTIVE_ARCH = YES;
				SDKROOT = iphoneos;
			};
			name = Debug;
		};
		2EC0B5541E5D531B00BA3A95 /* Release */ = {
			isa = XCBuildConfiguration;
			buildSettings = {
				ALWAYS_SEARCH_USER_PATHS = NO;
				CLANG_ANALYZER_NONNULL = YES;
				CLANG_CXX_LANGUAGE_STANDARD = "gnu++0x";
				CLANG_CXX_LIBRARY = "libc++";
				CLANG_ENABLE_MODULES = YES;
				CLANG_ENABLE_OBJC_ARC = YES;
				CLANG_WARN_BOOL_CONVERSION = YES;
				CLANG_WARN_CONSTANT_CONVERSION = YES;
				CLANG_WARN_DIRECT_OBJC_ISA_USAGE = YES_ERROR;
				CLANG_WARN_DOCUMENTATION_COMMENTS = YES;
				CLANG_WARN_EMPTY_BODY = YES;
				CLANG_WARN_ENUM_CONVERSION = YES;
				CLANG_WARN_INFINITE_RECURSION = YES;
				CLANG_WARN_INT_CONVERSION = YES;
				CLANG_WARN_OBJC_ROOT_CLASS = YES_ERROR;
				CLANG_WARN_SUSPICIOUS_MOVE = YES;
				CLANG_WARN_UNREACHABLE_CODE = YES;
				CLANG_WARN__DUPLICATE_METHOD_MATCH = YES;
				"CODE_SIGN_IDENTITY[sdk=iphoneos*]" = "iPhone Developer";
				COPY_PHASE_STRIP = NO;
				DEBUG_INFORMATION_FORMAT = "dwarf-with-dsym";
				ENABLE_NS_ASSERTIONS = NO;
				ENABLE_STRICT_OBJC_MSGSEND = YES;
				GCC_C_LANGUAGE_STANDARD = gnu99;
				GCC_NO_COMMON_BLOCKS = YES;
				GCC_WARN_64_TO_32_BIT_CONVERSION = YES;
				GCC_WARN_ABOUT_RETURN_TYPE = YES_ERROR;
				GCC_WARN_UNDECLARED_SELECTOR = YES;
				GCC_WARN_UNINITIALIZED_AUTOS = YES_AGGRESSIVE;
				GCC_WARN_UNUSED_FUNCTION = YES;
				GCC_WARN_UNUSED_VARIABLE = YES;
				IPHONEOS_DEPLOYMENT_TARGET = 10.2;
				MTL_ENABLE_DEBUG_INFO = NO;
				SDKROOT = iphoneos;
				VALIDATE_PRODUCT = YES;
			};
			name = Release;
		};
		2EC0B5561E5D531B00BA3A95 /* Debug */ = {
			isa = XCBuildConfiguration;
			buildSettings = {
				ASSETCATALOG_COMPILER_APPICON_NAME = AppIcon;
				INFOPLIST_FILE = KakaoImitation/Info.plist;
				LD_RUNPATH_SEARCH_PATHS = "$(inherited) @executable_path/Frameworks";
				PRODUCT_BUNDLE_IDENTIFIER = chanwoong.KakaoImitation;
				PRODUCT_NAME = "$(TARGET_NAME)";
			};
			name = Debug;
		};
		2EC0B5571E5D531B00BA3A95 /* Release */ = {
			isa = XCBuildConfiguration;
			buildSettings = {
				ASSETCATALOG_COMPILER_APPICON_NAME = AppIcon;
				INFOPLIST_FILE = KakaoImitation/Info.plist;
				LD_RUNPATH_SEARCH_PATHS = "$(inherited) @executable_path/Frameworks";
				PRODUCT_BUNDLE_IDENTIFIER = chanwoong.KakaoImitation;
				PRODUCT_NAME = "$(TARGET_NAME)";
			};
			name = Release;
		};
/* End XCBuildConfiguration section */

/* Begin XCConfigurationList section */
		2EC0B5391E5D531A00BA3A95 /* Build configuration list for PBXProject "KakaoImitation" */ = {
			isa = XCConfigurationList;
			buildConfigurations = (
				2EC0B5531E5D531B00BA3A95 /* Debug */,
				2EC0B5541E5D531B00BA3A95 /* Release */,
			);
			defaultConfigurationIsVisible = 0;
			defaultConfigurationName = Release;
		};
		2EC0B5551E5D531B00BA3A95 /* Build configuration list for PBXNativeTarget "KakaoImitation" */ = {
			isa = XCConfigurationList;
			buildConfigurations = (
				2EC0B5561E5D531B00BA3A95 /* Debug */,
				2EC0B5571E5D531B00BA3A95 /* Release */,
			);
			defaultConfigurationIsVisible = 0;
			defaultConfigurationName = Release;
		};
/* End XCConfigurationList section */
	};
	rootObject = 2EC0B5361E5D531A00BA3A95 /* Project object */;
}
